// !$*UTF8*$!
{
	archiveVersion = 1;
	classes = {
	};
	objectVersion = 50;
	objects = {

/* Begin PBXBuildFile section */
		126D5695251B8D2D00077FD3 /* SearchUserTableViewCell.swift in Sources */ = {isa = PBXBuildFile; fileRef = 126D5694251B8D2D00077FD3 /* SearchUserTableViewCell.swift */; };
		35675318251B7F950020AB89 /* FeedViewController.swift in Sources */ = {isa = PBXBuildFile; fileRef = 35675317251B7F950020AB89 /* FeedViewController.swift */; };
		358F4D8F251B844B0018BE34 /* SearchViewController.swift in Sources */ = {isa = PBXBuildFile; fileRef = 358F4D8E251B844B0018BE34 /* SearchViewController.swift */; };
		35BB2B98251A3E3C0028AF3E /* AppDelegate.swift in Sources */ = {isa = PBXBuildFile; fileRef = 35BB2B97251A3E3C0028AF3E /* AppDelegate.swift */; };
		35BB2B9A251A3E3C0028AF3E /* SceneDelegate.swift in Sources */ = {isa = PBXBuildFile; fileRef = 35BB2B99251A3E3C0028AF3E /* SceneDelegate.swift */; };
		35BB2B9C251A3E3C0028AF3E /* ViewController.swift in Sources */ = {isa = PBXBuildFile; fileRef = 35BB2B9B251A3E3C0028AF3E /* ViewController.swift */; };
		35BB2B9F251A3E3C0028AF3E /* Main.storyboard in Resources */ = {isa = PBXBuildFile; fileRef = 35BB2B9D251A3E3C0028AF3E /* Main.storyboard */; };
		35BB2BA2251A3E3C0028AF3E /* entrepreneurship_great_app.xcdatamodeld in Sources */ = {isa = PBXBuildFile; fileRef = 35BB2BA0251A3E3C0028AF3E /* entrepreneurship_great_app.xcdatamodeld */; };
		35BB2BA4251A3E3C0028AF3E /* Assets.xcassets in Resources */ = {isa = PBXBuildFile; fileRef = 35BB2BA3251A3E3C0028AF3E /* Assets.xcassets */; };
		35BB2BA7251A3E3C0028AF3E /* LaunchScreen.storyboard in Resources */ = {isa = PBXBuildFile; fileRef = 35BB2BA5251A3E3C0028AF3E /* LaunchScreen.storyboard */; };
		35BB2BB2251A3E3D0028AF3E /* entrepreneurship_great_appTests.swift in Sources */ = {isa = PBXBuildFile; fileRef = 35BB2BB1251A3E3D0028AF3E /* entrepreneurship_great_appTests.swift */; };
		35BB2BBD251A3E3D0028AF3E /* entrepreneurship_great_appUITests.swift in Sources */ = {isa = PBXBuildFile; fileRef = 35BB2BBC251A3E3D0028AF3E /* entrepreneurship_great_appUITests.swift */; };
		F1B5E516251A53E400140CB3 /* User.swift in Sources */ = {isa = PBXBuildFile; fileRef = F1B5E515251A53E400140CB3 /* User.swift */; };
		F1B5E51B251A7B2300140CB3 /* Enums.swift in Sources */ = {isa = PBXBuildFile; fileRef = F1B5E51A251A7B2300140CB3 /* Enums.swift */; };
/* End PBXBuildFile section */

/* Begin PBXContainerItemProxy section */
		35BB2BAE251A3E3D0028AF3E /* PBXContainerItemProxy */ = {
			isa = PBXContainerItemProxy;
			containerPortal = 35BB2B8C251A3E3B0028AF3E /* Project object */;
			proxyType = 1;
			remoteGlobalIDString = 35BB2B93251A3E3C0028AF3E;
			remoteInfo = "entrepreneurship-great-app";
		};
		35BB2BB9251A3E3D0028AF3E /* PBXContainerItemProxy */ = {
			isa = PBXContainerItemProxy;
			containerPortal = 35BB2B8C251A3E3B0028AF3E /* Project object */;
			proxyType = 1;
			remoteGlobalIDString = 35BB2B93251A3E3C0028AF3E;
			remoteInfo = "entrepreneurship-great-app";
		};
/* End PBXContainerItemProxy section */

/* Begin PBXFileReference section */
		1226A090251A406D00379581 /* entrepreneurship-great-app.entitlements */ = {isa = PBXFileReference; lastKnownFileType = text.plist.entitlements; path = "entrepreneurship-great-app.entitlements"; sourceTree = "<group>"; };
		126D5694251B8D2D00077FD3 /* SearchUserTableViewCell.swift */ = {isa = PBXFileReference; lastKnownFileType = sourcecode.swift; path = SearchUserTableViewCell.swift; sourceTree = "<group>"; };
		35675317251B7F950020AB89 /* FeedViewController.swift */ = {isa = PBXFileReference; lastKnownFileType = sourcecode.swift; path = FeedViewController.swift; sourceTree = "<group>"; };
		358F4D8E251B844B0018BE34 /* SearchViewController.swift */ = {isa = PBXFileReference; lastKnownFileType = sourcecode.swift; path = SearchViewController.swift; sourceTree = "<group>"; };
		35BB2B94251A3E3C0028AF3E /* entrepreneurship-great-app.app */ = {isa = PBXFileReference; explicitFileType = wrapper.application; includeInIndex = 0; path = "entrepreneurship-great-app.app"; sourceTree = BUILT_PRODUCTS_DIR; };
		35BB2B97251A3E3C0028AF3E /* AppDelegate.swift */ = {isa = PBXFileReference; lastKnownFileType = sourcecode.swift; path = AppDelegate.swift; sourceTree = "<group>"; };
		35BB2B99251A3E3C0028AF3E /* SceneDelegate.swift */ = {isa = PBXFileReference; lastKnownFileType = sourcecode.swift; path = SceneDelegate.swift; sourceTree = "<group>"; };
		35BB2B9B251A3E3C0028AF3E /* ViewController.swift */ = {isa = PBXFileReference; lastKnownFileType = sourcecode.swift; path = ViewController.swift; sourceTree = "<group>"; };
		35BB2B9E251A3E3C0028AF3E /* Base */ = {isa = PBXFileReference; lastKnownFileType = file.storyboard; name = Base; path = Base.lproj/Main.storyboard; sourceTree = "<group>"; };
		35BB2BA1251A3E3C0028AF3E /* entrepreneurship_great_app.xcdatamodel */ = {isa = PBXFileReference; lastKnownFileType = wrapper.xcdatamodel; path = entrepreneurship_great_app.xcdatamodel; sourceTree = "<group>"; };
		35BB2BA3251A3E3C0028AF3E /* Assets.xcassets */ = {isa = PBXFileReference; lastKnownFileType = folder.assetcatalog; path = Assets.xcassets; sourceTree = "<group>"; };
		35BB2BA6251A3E3C0028AF3E /* Base */ = {isa = PBXFileReference; lastKnownFileType = file.storyboard; name = Base; path = Base.lproj/LaunchScreen.storyboard; sourceTree = "<group>"; };
		35BB2BA8251A3E3C0028AF3E /* Info.plist */ = {isa = PBXFileReference; lastKnownFileType = text.plist.xml; path = Info.plist; sourceTree = "<group>"; };
		35BB2BAD251A3E3D0028AF3E /* entrepreneurship-great-appTests.xctest */ = {isa = PBXFileReference; explicitFileType = wrapper.cfbundle; includeInIndex = 0; path = "entrepreneurship-great-appTests.xctest"; sourceTree = BUILT_PRODUCTS_DIR; };
		35BB2BB1251A3E3D0028AF3E /* entrepreneurship_great_appTests.swift */ = {isa = PBXFileReference; lastKnownFileType = sourcecode.swift; path = entrepreneurship_great_appTests.swift; sourceTree = "<group>"; };
		35BB2BB3251A3E3D0028AF3E /* Info.plist */ = {isa = PBXFileReference; lastKnownFileType = text.plist.xml; path = Info.plist; sourceTree = "<group>"; };
		35BB2BB8251A3E3D0028AF3E /* entrepreneurship-great-appUITests.xctest */ = {isa = PBXFileReference; explicitFileType = wrapper.cfbundle; includeInIndex = 0; path = "entrepreneurship-great-appUITests.xctest"; sourceTree = BUILT_PRODUCTS_DIR; };
		35BB2BBC251A3E3D0028AF3E /* entrepreneurship_great_appUITests.swift */ = {isa = PBXFileReference; lastKnownFileType = sourcecode.swift; path = entrepreneurship_great_appUITests.swift; sourceTree = "<group>"; };
		35BB2BBE251A3E3D0028AF3E /* Info.plist */ = {isa = PBXFileReference; lastKnownFileType = text.plist.xml; path = Info.plist; sourceTree = "<group>"; };
		F1B5E515251A53E400140CB3 /* User.swift */ = {isa = PBXFileReference; lastKnownFileType = sourcecode.swift; name = User.swift; path = "entrepreneurship-great-app/User.swift"; sourceTree = SOURCE_ROOT; };
		F1B5E51A251A7B2300140CB3 /* Enums.swift */ = {isa = PBXFileReference; lastKnownFileType = sourcecode.swift; name = Enums.swift; path = "entrepreneurship-great-app/Enums.swift"; sourceTree = SOURCE_ROOT; };
/* End PBXFileReference section */

/* Begin PBXFrameworksBuildPhase section */
		35BB2B91251A3E3C0028AF3E /* Frameworks */ = {
			isa = PBXFrameworksBuildPhase;
			buildActionMask = 2147483647;
			files = (
			);
			runOnlyForDeploymentPostprocessing = 0;
		};
		35BB2BAA251A3E3D0028AF3E /* Frameworks */ = {
			isa = PBXFrameworksBuildPhase;
			buildActionMask = 2147483647;
			files = (
			);
			runOnlyForDeploymentPostprocessing = 0;
		};
		35BB2BB5251A3E3D0028AF3E /* Frameworks */ = {
			isa = PBXFrameworksBuildPhase;
			buildActionMask = 2147483647;
			files = (
			);
			runOnlyForDeploymentPostprocessing = 0;
		};
/* End PBXFrameworksBuildPhase section */

/* Begin PBXGroup section */
		35BB2B8B251A3E3B0028AF3E = {
			isa = PBXGroup;
			children = (
				35BB2B96251A3E3C0028AF3E /* entrepreneurship-great-app */,
				35BB2BB0251A3E3D0028AF3E /* entrepreneurship-great-appTests */,
				35BB2BBB251A3E3D0028AF3E /* entrepreneurship-great-appUITests */,
				35BB2B95251A3E3C0028AF3E /* Products */,
			);
			sourceTree = "<group>";
		};
		35BB2B95251A3E3C0028AF3E /* Products */ = {
			isa = PBXGroup;
			children = (
				35BB2B94251A3E3C0028AF3E /* entrepreneurship-great-app.app */,
				35BB2BAD251A3E3D0028AF3E /* entrepreneurship-great-appTests.xctest */,
				35BB2BB8251A3E3D0028AF3E /* entrepreneurship-great-appUITests.xctest */,
			);
			name = Products;
			sourceTree = "<group>";
		};
		35BB2B96251A3E3C0028AF3E /* entrepreneurship-great-app */ = {
			isa = PBXGroup;
			children = (
				35BB2BD2251A4BF90028AF3E /* controllers */,
				35BB2BD1251A4BF40028AF3E /* views */,
				35BB2BD0251A4BE70028AF3E /* models */,
				1226A090251A406D00379581 /* entrepreneurship-great-app.entitlements */,
				35BB2BA8251A3E3C0028AF3E /* Info.plist */,
				35BB2BA0251A3E3C0028AF3E /* entrepreneurship_great_app.xcdatamodeld */,
			);
			path = "entrepreneurship-great-app";
			sourceTree = "<group>";
		};
		35BB2BB0251A3E3D0028AF3E /* entrepreneurship-great-appTests */ = {
			isa = PBXGroup;
			children = (
				35BB2BB1251A3E3D0028AF3E /* entrepreneurship_great_appTests.swift */,
				35BB2BB3251A3E3D0028AF3E /* Info.plist */,
			);
			path = "entrepreneurship-great-appTests";
			sourceTree = "<group>";
		};
		35BB2BBB251A3E3D0028AF3E /* entrepreneurship-great-appUITests */ = {
			isa = PBXGroup;
			children = (
				35BB2BBC251A3E3D0028AF3E /* entrepreneurship_great_appUITests.swift */,
				35BB2BBE251A3E3D0028AF3E /* Info.plist */,
			);
			path = "entrepreneurship-great-appUITests";
			sourceTree = "<group>";
		};
		35BB2BD0251A4BE70028AF3E /* models */ = {
			isa = PBXGroup;
			children = (
				F1B5E515251A53E400140CB3 /* User.swift */,
				F1B5E51A251A7B2300140CB3 /* Enums.swift */,
			);
			path = models;
			sourceTree = "<group>";
		};
		35BB2BD1251A4BF40028AF3E /* views */ = {
			isa = PBXGroup;
			children = (
				35BB2BA3251A3E3C0028AF3E /* Assets.xcassets */,
				35BB2B9D251A3E3C0028AF3E /* Main.storyboard */,
				35BB2BA5251A3E3C0028AF3E /* LaunchScreen.storyboard */,
				126D5694251B8D2D00077FD3 /* SearchUserTableViewCell.swift */,
			);
			path = views;
			sourceTree = "<group>";
		};
		35BB2BD2251A4BF90028AF3E /* controllers */ = {
			isa = PBXGroup;
			children = (
				35BB2B97251A3E3C0028AF3E /* AppDelegate.swift */,
				35BB2B99251A3E3C0028AF3E /* SceneDelegate.swift */,
				35BB2B9B251A3E3C0028AF3E /* ViewController.swift */,
				35675317251B7F950020AB89 /* FeedViewController.swift */,
				358F4D8E251B844B0018BE34 /* SearchViewController.swift */,
			);
			path = controllers;
			sourceTree = "<group>";
		};
/* End PBXGroup section */

/* Begin PBXNativeTarget section */
		35BB2B93251A3E3C0028AF3E /* entrepreneurship-great-app */ = {
			isa = PBXNativeTarget;
			buildConfigurationList = 35BB2BC1251A3E3D0028AF3E /* Build configuration list for PBXNativeTarget "entrepreneurship-great-app" */;
			buildPhases = (
				35BB2B90251A3E3C0028AF3E /* Sources */,
				35BB2B91251A3E3C0028AF3E /* Frameworks */,
				35BB2B92251A3E3C0028AF3E /* Resources */,
			);
			buildRules = (
			);
			dependencies = (
			);
			name = "entrepreneurship-great-app";
			productName = "entrepreneurship-great-app";
			productReference = 35BB2B94251A3E3C0028AF3E /* entrepreneurship-great-app.app */;
			productType = "com.apple.product-type.application";
		};
		35BB2BAC251A3E3D0028AF3E /* entrepreneurship-great-appTests */ = {
			isa = PBXNativeTarget;
			buildConfigurationList = 35BB2BC4251A3E3D0028AF3E /* Build configuration list for PBXNativeTarget "entrepreneurship-great-appTests" */;
			buildPhases = (
				35BB2BA9251A3E3D0028AF3E /* Sources */,
				35BB2BAA251A3E3D0028AF3E /* Frameworks */,
				35BB2BAB251A3E3D0028AF3E /* Resources */,
			);
			buildRules = (
			);
			dependencies = (
				35BB2BAF251A3E3D0028AF3E /* PBXTargetDependency */,
			);
			name = "entrepreneurship-great-appTests";
			productName = "entrepreneurship-great-appTests";
			productReference = 35BB2BAD251A3E3D0028AF3E /* entrepreneurship-great-appTests.xctest */;
			productType = "com.apple.product-type.bundle.unit-test";
		};
		35BB2BB7251A3E3D0028AF3E /* entrepreneurship-great-appUITests */ = {
			isa = PBXNativeTarget;
			buildConfigurationList = 35BB2BC7251A3E3D0028AF3E /* Build configuration list for PBXNativeTarget "entrepreneurship-great-appUITests" */;
			buildPhases = (
				35BB2BB4251A3E3D0028AF3E /* Sources */,
				35BB2BB5251A3E3D0028AF3E /* Frameworks */,
				35BB2BB6251A3E3D0028AF3E /* Resources */,
			);
			buildRules = (
			);
			dependencies = (
				35BB2BBA251A3E3D0028AF3E /* PBXTargetDependency */,
			);
			name = "entrepreneurship-great-appUITests";
			productName = "entrepreneurship-great-appUITests";
			productReference = 35BB2BB8251A3E3D0028AF3E /* entrepreneurship-great-appUITests.xctest */;
			productType = "com.apple.product-type.bundle.ui-testing";
		};
/* End PBXNativeTarget section */

/* Begin PBXProject section */
		35BB2B8C251A3E3B0028AF3E /* Project object */ = {
			isa = PBXProject;
			attributes = {
				LastSwiftUpdateCheck = 1200;
				LastUpgradeCheck = 1200;
				TargetAttributes = {
					35BB2B93251A3E3C0028AF3E = {
						CreatedOnToolsVersion = 12.0;
					};
					35BB2BAC251A3E3D0028AF3E = {
						CreatedOnToolsVersion = 12.0;
						TestTargetID = 35BB2B93251A3E3C0028AF3E;
					};
					35BB2BB7251A3E3D0028AF3E = {
						CreatedOnToolsVersion = 12.0;
						TestTargetID = 35BB2B93251A3E3C0028AF3E;
					};
				};
			};
			buildConfigurationList = 35BB2B8F251A3E3C0028AF3E /* Build configuration list for PBXProject "entrepreneurship-great-app" */;
			compatibilityVersion = "Xcode 9.3";
			developmentRegion = en;
			hasScannedForEncodings = 0;
			knownRegions = (
				en,
				Base,
			);
			mainGroup = 35BB2B8B251A3E3B0028AF3E;
			productRefGroup = 35BB2B95251A3E3C0028AF3E /* Products */;
			projectDirPath = "";
			projectRoot = "";
			targets = (
				35BB2B93251A3E3C0028AF3E /* entrepreneurship-great-app */,
				35BB2BAC251A3E3D0028AF3E /* entrepreneurship-great-appTests */,
				35BB2BB7251A3E3D0028AF3E /* entrepreneurship-great-appUITests */,
			);
		};
/* End PBXProject section */

/* Begin PBXResourcesBuildPhase section */
		35BB2B92251A3E3C0028AF3E /* Resources */ = {
			isa = PBXResourcesBuildPhase;
			buildActionMask = 2147483647;
			files = (
				35BB2BA7251A3E3C0028AF3E /* LaunchScreen.storyboard in Resources */,
				35BB2BA4251A3E3C0028AF3E /* Assets.xcassets in Resources */,
				35BB2B9F251A3E3C0028AF3E /* Main.storyboard in Resources */,
			);
			runOnlyForDeploymentPostprocessing = 0;
		};
		35BB2BAB251A3E3D0028AF3E /* Resources */ = {
			isa = PBXResourcesBuildPhase;
			buildActionMask = 2147483647;
			files = (
			);
			runOnlyForDeploymentPostprocessing = 0;
		};
		35BB2BB6251A3E3D0028AF3E /* Resources */ = {
			isa = PBXResourcesBuildPhase;
			buildActionMask = 2147483647;
			files = (
			);
			runOnlyForDeploymentPostprocessing = 0;
		};
/* End PBXResourcesBuildPhase section */

/* Begin PBXSourcesBuildPhase section */
		35BB2B90251A3E3C0028AF3E /* Sources */ = {
			isa = PBXSourcesBuildPhase;
			buildActionMask = 2147483647;
			files = (
				126D5695251B8D2D00077FD3 /* SearchUserTableViewCell.swift in Sources */,
				35BB2BA2251A3E3C0028AF3E /* entrepreneurship_great_app.xcdatamodeld in Sources */,
				35BB2B9C251A3E3C0028AF3E /* ViewController.swift in Sources */,
				358F4D8F251B844B0018BE34 /* SearchViewController.swift in Sources */,
				35BB2B98251A3E3C0028AF3E /* AppDelegate.swift in Sources */,
				F1B5E516251A53E400140CB3 /* User.swift in Sources */,
				F1B5E51B251A7B2300140CB3 /* Enums.swift in Sources */,
				35BB2B9A251A3E3C0028AF3E /* SceneDelegate.swift in Sources */,
				35675318251B7F950020AB89 /* FeedViewController.swift in Sources */,
			);
			runOnlyForDeploymentPostprocessing = 0;
		};
		35BB2BA9251A3E3D0028AF3E /* Sources */ = {
			isa = PBXSourcesBuildPhase;
			buildActionMask = 2147483647;
			files = (
				35BB2BB2251A3E3D0028AF3E /* entrepreneurship_great_appTests.swift in Sources */,
			);
			runOnlyForDeploymentPostprocessing = 0;
		};
		35BB2BB4251A3E3D0028AF3E /* Sources */ = {
			isa = PBXSourcesBuildPhase;
			buildActionMask = 2147483647;
			files = (
				35BB2BBD251A3E3D0028AF3E /* entrepreneurship_great_appUITests.swift in Sources */,
			);
			runOnlyForDeploymentPostprocessing = 0;
		};
/* End PBXSourcesBuildPhase section */

/* Begin PBXTargetDependency section */
		35BB2BAF251A3E3D0028AF3E /* PBXTargetDependency */ = {
			isa = PBXTargetDependency;
			target = 35BB2B93251A3E3C0028AF3E /* entrepreneurship-great-app */;
			targetProxy = 35BB2BAE251A3E3D0028AF3E /* PBXContainerItemProxy */;
		};
		35BB2BBA251A3E3D0028AF3E /* PBXTargetDependency */ = {
			isa = PBXTargetDependency;
			target = 35BB2B93251A3E3C0028AF3E /* entrepreneurship-great-app */;
			targetProxy = 35BB2BB9251A3E3D0028AF3E /* PBXContainerItemProxy */;
		};
/* End PBXTargetDependency section */

/* Begin PBXVariantGroup section */
		35BB2B9D251A3E3C0028AF3E /* Main.storyboard */ = {
			isa = PBXVariantGroup;
			children = (
				35BB2B9E251A3E3C0028AF3E /* Base */,
			);
			name = Main.storyboard;
			sourceTree = "<group>";
		};
		35BB2BA5251A3E3C0028AF3E /* LaunchScreen.storyboard */ = {
			isa = PBXVariantGroup;
			children = (
				35BB2BA6251A3E3C0028AF3E /* Base */,
			);
			name = LaunchScreen.storyboard;
			sourceTree = "<group>";
		};
/* End PBXVariantGroup section */

/* Begin XCBuildConfiguration section */
		35BB2BBF251A3E3D0028AF3E /* Debug */ = {
			isa = XCBuildConfiguration;
			buildSettings = {
				ALWAYS_SEARCH_USER_PATHS = NO;
				CLANG_ANALYZER_NONNULL = YES;
				CLANG_ANALYZER_NUMBER_OBJECT_CONVERSION = YES_AGGRESSIVE;
				CLANG_CXX_LANGUAGE_STANDARD = "gnu++14";
				CLANG_CXX_LIBRARY = "libc++";
				CLANG_ENABLE_MODULES = YES;
				CLANG_ENABLE_OBJC_ARC = YES;
				CLANG_ENABLE_OBJC_WEAK = YES;
				CLANG_WARN_BLOCK_CAPTURE_AUTORELEASING = YES;
				CLANG_WARN_BOOL_CONVERSION = YES;
				CLANG_WARN_COMMA = YES;
				CLANG_WARN_CONSTANT_CONVERSION = YES;
				CLANG_WARN_DEPRECATED_OBJC_IMPLEMENTATIONS = YES;
				CLANG_WARN_DIRECT_OBJC_ISA_USAGE = YES_ERROR;
				CLANG_WARN_DOCUMENTATION_COMMENTS = YES;
				CLANG_WARN_EMPTY_BODY = YES;
				CLANG_WARN_ENUM_CONVERSION = YES;
				CLANG_WARN_INFINITE_RECURSION = YES;
				CLANG_WARN_INT_CONVERSION = YES;
				CLANG_WARN_NON_LITERAL_NULL_CONVERSION = YES;
				CLANG_WARN_OBJC_IMPLICIT_RETAIN_SELF = YES;
				CLANG_WARN_OBJC_LITERAL_CONVERSION = YES;
				CLANG_WARN_OBJC_ROOT_CLASS = YES_ERROR;
				CLANG_WARN_QUOTED_INCLUDE_IN_FRAMEWORK_HEADER = YES;
				CLANG_WARN_RANGE_LOOP_ANALYSIS = YES;
				CLANG_WARN_STRICT_PROTOTYPES = YES;
				CLANG_WARN_SUSPICIOUS_MOVE = YES;
				CLANG_WARN_UNGUARDED_AVAILABILITY = YES_AGGRESSIVE;
				CLANG_WARN_UNREACHABLE_CODE = YES;
				CLANG_WARN__DUPLICATE_METHOD_MATCH = YES;
				COPY_PHASE_STRIP = NO;
				DEBUG_INFORMATION_FORMAT = dwarf;
				ENABLE_STRICT_OBJC_MSGSEND = YES;
				ENABLE_TESTABILITY = YES;
				GCC_C_LANGUAGE_STANDARD = gnu11;
				GCC_DYNAMIC_NO_PIC = NO;
				GCC_NO_COMMON_BLOCKS = YES;
				GCC_OPTIMIZATION_LEVEL = 0;
				GCC_PREPROCESSOR_DEFINITIONS = (
					"DEBUG=1",
					"$(inherited)",
				);
				GCC_WARN_64_TO_32_BIT_CONVERSION = YES;
				GCC_WARN_ABOUT_RETURN_TYPE = YES_ERROR;
				GCC_WARN_UNDECLARED_SELECTOR = YES;
				GCC_WARN_UNINITIALIZED_AUTOS = YES_AGGRESSIVE;
				GCC_WARN_UNUSED_FUNCTION = YES;
				GCC_WARN_UNUSED_VARIABLE = YES;
				IPHONEOS_DEPLOYMENT_TARGET = 14.0;
				MTL_ENABLE_DEBUG_INFO = INCLUDE_SOURCE;
				MTL_FAST_MATH = YES;
				ONLY_ACTIVE_ARCH = YES;
				SDKROOT = iphoneos;
				SWIFT_ACTIVE_COMPILATION_CONDITIONS = DEBUG;
				SWIFT_OPTIMIZATION_LEVEL = "-Onone";
			};
			name = Debug;
		};
		35BB2BC0251A3E3D0028AF3E /* Release */ = {
			isa = XCBuildConfiguration;
			buildSettings = {
				ALWAYS_SEARCH_USER_PATHS = NO;
				CLANG_ANALYZER_NONNULL = YES;
				CLANG_ANALYZER_NUMBER_OBJECT_CONVERSION = YES_AGGRESSIVE;
				CLANG_CXX_LANGUAGE_STANDARD = "gnu++14";
				CLANG_CXX_LIBRARY = "libc++";
				CLANG_ENABLE_MODULES = YES;
				CLANG_ENABLE_OBJC_ARC = YES;
				CLANG_ENABLE_OBJC_WEAK = YES;
				CLANG_WARN_BLOCK_CAPTURE_AUTORELEASING = YES;
				CLANG_WARN_BOOL_CONVERSION = YES;
				CLANG_WARN_COMMA = YES;
				CLANG_WARN_CONSTANT_CONVERSION = YES;
				CLANG_WARN_DEPRECATED_OBJC_IMPLEMENTATIONS = YES;
				CLANG_WARN_DIRECT_OBJC_ISA_USAGE = YES_ERROR;
				CLANG_WARN_DOCUMENTATION_COMMENTS = YES;
				CLANG_WARN_EMPTY_BODY = YES;
				CLANG_WARN_ENUM_CONVERSION = YES;
				CLANG_WARN_INFINITE_RECURSION = YES;
				CLANG_WARN_INT_CONVERSION = YES;
				CLANG_WARN_NON_LITERAL_NULL_CONVERSION = YES;
				CLANG_WARN_OBJC_IMPLICIT_RETAIN_SELF = YES;
				CLANG_WARN_OBJC_LITERAL_CONVERSION = YES;
				CLANG_WARN_OBJC_ROOT_CLASS = YES_ERROR;
				CLANG_WARN_QUOTED_INCLUDE_IN_FRAMEWORK_HEADER = YES;
				CLANG_WARN_RANGE_LOOP_ANALYSIS = YES;
				CLANG_WARN_STRICT_PROTOTYPES = YES;
				CLANG_WARN_SUSPICIOUS_MOVE = YES;
				CLANG_WARN_UNGUARDED_AVAILABILITY = YES_AGGRESSIVE;
				CLANG_WARN_UNREACHABLE_CODE = YES;
				CLANG_WARN__DUPLICATE_METHOD_MATCH = YES;
				COPY_PHASE_STRIP = NO;
				DEBUG_INFORMATION_FORMAT = "dwarf-with-dsym";
				ENABLE_NS_ASSERTIONS = NO;
				ENABLE_STRICT_OBJC_MSGSEND = YES;
				GCC_C_LANGUAGE_STANDARD = gnu11;
				GCC_NO_COMMON_BLOCKS = YES;
				GCC_WARN_64_TO_32_BIT_CONVERSION = YES;
				GCC_WARN_ABOUT_RETURN_TYPE = YES_ERROR;
				GCC_WARN_UNDECLARED_SELECTOR = YES;
				GCC_WARN_UNINITIALIZED_AUTOS = YES_AGGRESSIVE;
				GCC_WARN_UNUSED_FUNCTION = YES;
				GCC_WARN_UNUSED_VARIABLE = YES;
				IPHONEOS_DEPLOYMENT_TARGET = 14.0;
				MTL_ENABLE_DEBUG_INFO = NO;
				MTL_FAST_MATH = YES;
				SDKROOT = iphoneos;
				SWIFT_COMPILATION_MODE = wholemodule;
				SWIFT_OPTIMIZATION_LEVEL = "-O";
				VALIDATE_PRODUCT = YES;
			};
			name = Release;
		};
		35BB2BC2251A3E3D0028AF3E /* Debug */ = {
			isa = XCBuildConfiguration;
			buildSettings = {
				ASSETCATALOG_COMPILER_APPICON_NAME = AppIcon;
				ASSETCATALOG_COMPILER_GLOBAL_ACCENT_COLOR_NAME = AccentColor;
				CODE_SIGN_ENTITLEMENTS = "entrepreneurship-great-app/entrepreneurship-great-app.entitlements";
				CODE_SIGN_STYLE = Automatic;
				INFOPLIST_FILE = "entrepreneurship-great-app/Info.plist";
				LD_RUNPATH_SEARCH_PATHS = (
					"$(inherited)",
					"@executable_path/Frameworks",
				);
				PRODUCT_BUNDLE_IDENTIFIER = "com.vianaleonardo.entrepreneurship-great-app";
				PRODUCT_NAME = "$(TARGET_NAME)";
				SWIFT_VERSION = 5.0;
				TARGETED_DEVICE_FAMILY = "1,2";
			};
			name = Debug;
		};
		35BB2BC3251A3E3D0028AF3E /* Release */ = {
			isa = XCBuildConfiguration;
			buildSettings = {
				ASSETCATALOG_COMPILER_APPICON_NAME = AppIcon;
				ASSETCATALOG_COMPILER_GLOBAL_ACCENT_COLOR_NAME = AccentColor;
				CODE_SIGN_ENTITLEMENTS = "entrepreneurship-great-app/entrepreneurship-great-app.entitlements";
				CODE_SIGN_STYLE = Automatic;
				INFOPLIST_FILE = "entrepreneurship-great-app/Info.plist";
				LD_RUNPATH_SEARCH_PATHS = (
					"$(inherited)",
					"@executable_path/Frameworks",
				);
				PRODUCT_BUNDLE_IDENTIFIER = "com.vianaleonardo.entrepreneurship-great-app";
				PRODUCT_NAME = "$(TARGET_NAME)";
				SWIFT_VERSION = 5.0;
				TARGETED_DEVICE_FAMILY = "1,2";
			};
			name = Release;
		};
		35BB2BC5251A3E3D0028AF3E /* Debug */ = {
			isa = XCBuildConfiguration;
			buildSettings = {
				ALWAYS_EMBED_SWIFT_STANDARD_LIBRARIES = YES;
				BUNDLE_LOADER = "$(TEST_HOST)";
				CODE_SIGN_STYLE = Automatic;
				INFOPLIST_FILE = "entrepreneurship-great-appTests/Info.plist";
				IPHONEOS_DEPLOYMENT_TARGET = 14.0;
				LD_RUNPATH_SEARCH_PATHS = (
					"$(inherited)",
					"@executable_path/Frameworks",
					"@loader_path/Frameworks",
				);
				PRODUCT_BUNDLE_IDENTIFIER = "com.vianaleonardo.entrepreneurship-great-appTests";
				PRODUCT_NAME = "$(TARGET_NAME)";
				SWIFT_VERSION = 5.0;
				TARGETED_DEVICE_FAMILY = "1,2";
				TEST_HOST = "$(BUILT_PRODUCTS_DIR)/entrepreneurship-great-app.app/entrepreneurship-great-app";
			};
			name = Debug;
		};
		35BB2BC6251A3E3D0028AF3E /* Release */ = {
			isa = XCBuildConfiguration;
			buildSettings = {
				ALWAYS_EMBED_SWIFT_STANDARD_LIBRARIES = YES;
				BUNDLE_LOADER = "$(TEST_HOST)";
				CODE_SIGN_STYLE = Automatic;
				INFOPLIST_FILE = "entrepreneurship-great-appTests/Info.plist";
				IPHONEOS_DEPLOYMENT_TARGET = 14.0;
				LD_RUNPATH_SEARCH_PATHS = (
					"$(inherited)",
					"@executable_path/Frameworks",
					"@loader_path/Frameworks",
				);
				PRODUCT_BUNDLE_IDENTIFIER = "com.vianaleonardo.entrepreneurship-great-appTests";
				PRODUCT_NAME = "$(TARGET_NAME)";
				SWIFT_VERSION = 5.0;
				TARGETED_DEVICE_FAMILY = "1,2";
				TEST_HOST = "$(BUILT_PRODUCTS_DIR)/entrepreneurship-great-app.app/entrepreneurship-great-app";
			};
			name = Release;
		};
		35BB2BC8251A3E3D0028AF3E /* Debug */ = {
			isa = XCBuildConfiguration;
			buildSettings = {
				ALWAYS_EMBED_SWIFT_STANDARD_LIBRARIES = YES;
				CODE_SIGN_STYLE = Automatic;
				INFOPLIST_FILE = "entrepreneurship-great-appUITests/Info.plist";
				LD_RUNPATH_SEARCH_PATHS = (
					"$(inherited)",
					"@executable_path/Frameworks",
					"@loader_path/Frameworks",
				);
				PRODUCT_BUNDLE_IDENTIFIER = "com.vianaleonardo.entrepreneurship-great-appUITests";
				PRODUCT_NAME = "$(TARGET_NAME)";
				SWIFT_VERSION = 5.0;
				TARGETED_DEVICE_FAMILY = "1,2";
				TEST_TARGET_NAME = "entrepreneurship-great-app";
			};
			name = Debug;
		};
		35BB2BC9251A3E3D0028AF3E /* Release */ = {
			isa = XCBuildConfiguration;
			buildSettings = {
				ALWAYS_EMBED_SWIFT_STANDARD_LIBRARIES = YES;
				CODE_SIGN_STYLE = Automatic;
				INFOPLIST_FILE = "entrepreneurship-great-appUITests/Info.plist";
				LD_RUNPATH_SEARCH_PATHS = (
					"$(inherited)",
					"@executable_path/Frameworks",
					"@loader_path/Frameworks",
				);
				PRODUCT_BUNDLE_IDENTIFIER = "com.vianaleonardo.entrepreneurship-great-appUITests";
				PRODUCT_NAME = "$(TARGET_NAME)";
				SWIFT_VERSION = 5.0;
				TARGETED_DEVICE_FAMILY = "1,2";
				TEST_TARGET_NAME = "entrepreneurship-great-app";
			};
			name = Release;
		};
/* End XCBuildConfiguration section */

/* Begin XCConfigurationList section */
		35BB2B8F251A3E3C0028AF3E /* Build configuration list for PBXProject "entrepreneurship-great-app" */ = {
			isa = XCConfigurationList;
			buildConfigurations = (
				35BB2BBF251A3E3D0028AF3E /* Debug */,
				35BB2BC0251A3E3D0028AF3E /* Release */,
			);
			defaultConfigurationIsVisible = 0;
			defaultConfigurationName = Release;
		};
		35BB2BC1251A3E3D0028AF3E /* Build configuration list for PBXNativeTarget "entrepreneurship-great-app" */ = {
			isa = XCConfigurationList;
			buildConfigurations = (
				35BB2BC2251A3E3D0028AF3E /* Debug */,
				35BB2BC3251A3E3D0028AF3E /* Release */,
			);
			defaultConfigurationIsVisible = 0;
			defaultConfigurationName = Release;
		};
		35BB2BC4251A3E3D0028AF3E /* Build configuration list for PBXNativeTarget "entrepreneurship-great-appTests" */ = {
			isa = XCConfigurationList;
			buildConfigurations = (
				35BB2BC5251A3E3D0028AF3E /* Debug */,
				35BB2BC6251A3E3D0028AF3E /* Release */,
			);
			defaultConfigurationIsVisible = 0;
			defaultConfigurationName = Release;
		};
		35BB2BC7251A3E3D0028AF3E /* Build configuration list for PBXNativeTarget "entrepreneurship-great-appUITests" */ = {
			isa = XCConfigurationList;
			buildConfigurations = (
				35BB2BC8251A3E3D0028AF3E /* Debug */,
				35BB2BC9251A3E3D0028AF3E /* Release */,
			);
			defaultConfigurationIsVisible = 0;
			defaultConfigurationName = Release;
		};
/* End XCConfigurationList section */

/* Begin XCVersionGroup section */
		35BB2BA0251A3E3C0028AF3E /* entrepreneurship_great_app.xcdatamodeld */ = {
			isa = XCVersionGroup;
			children = (
				35BB2BA1251A3E3C0028AF3E /* entrepreneurship_great_app.xcdatamodel */,
			);
			currentVersion = 35BB2BA1251A3E3C0028AF3E /* entrepreneurship_great_app.xcdatamodel */;
			path = entrepreneurship_great_app.xcdatamodeld;
			sourceTree = "<group>";
			versionGroupType = wrapper.xcdatamodel;
		};
/* End XCVersionGroup section */
	};
	rootObject = 35BB2B8C251A3E3B0028AF3E /* Project object */;
}
