// !$*UTF8*$!
{
	archiveVersion = 1;
	classes = {
	};
	objectVersion = 52;
	objects = {

/* Begin PBXBuildFile section */
		120EBABF2530A333001FD302 /* MyCustomViewController.swift in Sources */ = {isa = PBXBuildFile; fileRef = 120EBABE2530A333001FD302 /* MyCustomViewController.swift */; };
		120EBAC42530A896001FD302 /* MyPostTableViewCell.swift in Sources */ = {isa = PBXBuildFile; fileRef = 120EBAC32530A896001FD302 /* MyPostTableViewCell.swift */; };
		120EBAC92530B3CD001FD302 /* MidiaKitViewController.swift in Sources */ = {isa = PBXBuildFile; fileRef = 120EBAC82530B3CD001FD302 /* MidiaKitViewController.swift */; };
		120EBACE2530B4A1001FD302 /* MoodBoardViewController.swift in Sources */ = {isa = PBXBuildFile; fileRef = 120EBACD2530B4A1001FD302 /* MoodBoardViewController.swift */; };
		1235C78B2541BC05000BA326 /* OnBoardingCollectionViewCell.swift in Sources */ = {isa = PBXBuildFile; fileRef = 1235C78A2541BC05000BA326 /* OnBoardingCollectionViewCell.swift */; };
		1235C7902541BC7D000BA326 /* OnBoardingViewController.swift in Sources */ = {isa = PBXBuildFile; fileRef = 1235C78F2541BC7D000BA326 /* OnBoardingViewController.swift */; };
		12609E442535CBF800684036 /* NotificationsViewController.swift in Sources */ = {isa = PBXBuildFile; fileRef = 12609E432535CBF800684036 /* NotificationsViewController.swift */; };
		12609E492535CFAD00684036 /* Notifications1TableViewCell.swift in Sources */ = {isa = PBXBuildFile; fileRef = 12609E482535CFAD00684036 /* Notifications1TableViewCell.swift */; };
		126D5695251B8D2D00077FD3 /* SearchUserTableViewCell.swift in Sources */ = {isa = PBXBuildFile; fileRef = 126D5694251B8D2D00077FD3 /* SearchUserTableViewCell.swift */; };
		12828E01252F5C9B0079FE7C /* PostViewController.swift in Sources */ = {isa = PBXBuildFile; fileRef = 12828E00252F5C9B0079FE7C /* PostViewController.swift */; };
		128769842524C49100B04079 /* LoginViewController.swift in Sources */ = {isa = PBXBuildFile; fileRef = 128769832524C49100B04079 /* LoginViewController.swift */; };
		12A176CC251CD0EE00495AD4 /* CustomSegmentedControl.swift in Sources */ = {isa = PBXBuildFile; fileRef = 12A176CB251CD0EE00495AD4 /* CustomSegmentedControl.swift */; };
		12A176EB251CDF0000495AD4 /* PersonViewController.swift in Sources */ = {isa = PBXBuildFile; fileRef = 12A176EA251CDF0000495AD4 /* PersonViewController.swift */; };
		12BB29DF25275817006408FF /* PhysicalSegmentedViewController.swift in Sources */ = {isa = PBXBuildFile; fileRef = 12BB29DE25275817006408FF /* PhysicalSegmentedViewController.swift */; };
		12BB29E425275850006408FF /* BothSegmentedViewController.swift in Sources */ = {isa = PBXBuildFile; fileRef = 12BB29E325275850006408FF /* BothSegmentedViewController.swift */; };
		12D2CA1D2525F666001FCFCC /* RegisterViewController.swift in Sources */ = {isa = PBXBuildFile; fileRef = 12D2CA1C2525F666001FCFCC /* RegisterViewController.swift */; };
		12D2CA2225262FDD001FCFCC /* DigitalSegmentedViewController.swift in Sources */ = {isa = PBXBuildFile; fileRef = 12D2CA2125262FDD001FCFCC /* DigitalSegmentedViewController.swift */; };
		12FC39D0253528B40057507C /* ProfileViewController.swift in Sources */ = {isa = PBXBuildFile; fileRef = 12FC39CF253528B40057507C /* ProfileViewController.swift */; };
		12FC39D52535317E0057507C /* MyProfileViewController.swift in Sources */ = {isa = PBXBuildFile; fileRef = 12FC39D42535317E0057507C /* MyProfileViewController.swift */; };
		12FC39DA253532650057507C /* MidiaKitProfileViewController.swift in Sources */ = {isa = PBXBuildFile; fileRef = 12FC39D9253532650057507C /* MidiaKitProfileViewController.swift */; };
		12FC39DF253533740057507C /* MoodBoardProfileViewController.swift in Sources */ = {isa = PBXBuildFile; fileRef = 12FC39DE253533740057507C /* MoodBoardProfileViewController.swift */; };
		12FC39E4253544EC0057507C /* MyProfileTableViewCell.swift in Sources */ = {isa = PBXBuildFile; fileRef = 12FC39E3253544EC0057507C /* MyProfileTableViewCell.swift */; };
		351562E52535CE6900919329 /* showAlert.swift in Sources */ = {isa = PBXBuildFile; fileRef = 351562E42535CE6900919329 /* showAlert.swift */; };
		351562F02535E36E00919329 /* ListAllAskPartnershipService.swift in Sources */ = {isa = PBXBuildFile; fileRef = 351562EF2535E36E00919329 /* ListAllAskPartnershipService.swift */; };
		35176981252E169F00E6B214 /* UserInfo.swift in Sources */ = {isa = PBXBuildFile; fileRef = 35176980252E169F00E6B214 /* UserInfo.swift */; };
		35176993252E30F800E6B214 /* ListAllUsersByCharactersService.swift in Sources */ = {isa = PBXBuildFile; fileRef = 35176992252E30F800E6B214 /* ListAllUsersByCharactersService.swift */; };
		35176998252E310B00E6B214 /* ListAllUsersService.swift in Sources */ = {isa = PBXBuildFile; fileRef = 35176997252E310B00E6B214 /* ListAllUsersService.swift */; };
		3518010D251CF392001B7B38 /* Post.swift in Sources */ = {isa = PBXBuildFile; fileRef = 3518010C251CF392001B7B38 /* Post.swift */; };
		351826FF25257DE700AC4D48 /* SignUpUserService.swift in Sources */ = {isa = PBXBuildFile; fileRef = 351826FE25257DE700AC4D48 /* SignUpUserService.swift */; };
		353BC5E62530EB2B0087FE7D /* UpdateUserInformationsService.swift in Sources */ = {isa = PBXBuildFile; fileRef = 353BC5E52530EB2B0087FE7D /* UpdateUserInformationsService.swift */; };
		3545AC282533A3AB00F84990 /* AskedPartnership.swift in Sources */ = {isa = PBXBuildFile; fileRef = 3545AC272533A3AB00F84990 /* AskedPartnership.swift */; };
		3545AC2D2533A47800F84990 /* AskedPartnershipsRepository.swift in Sources */ = {isa = PBXBuildFile; fileRef = 3545AC2C2533A47800F84990 /* AskedPartnershipsRepository.swift */; };
		3545AC322533A6B100F84990 /* CreateAskPartnershipService.swift in Sources */ = {isa = PBXBuildFile; fileRef = 3545AC312533A6B100F84990 /* CreateAskPartnershipService.swift */; };
		3545AC372533BCAE00F84990 /* ListOneAskPartnershipService.swift in Sources */ = {isa = PBXBuildFile; fileRef = 3545AC362533BCAE00F84990 /* ListOneAskPartnershipService.swift */; };
		355674DA25260C6500BFD4A7 /* SignInUserService.swift in Sources */ = {isa = PBXBuildFile; fileRef = 355674D925260C6500BFD4A7 /* SignInUserService.swift */; };
		3556CEAD252BA33100CF1A64 /* MapViewController.swift in Sources */ = {isa = PBXBuildFile; fileRef = 3556CEAC252BA33100CF1A64 /* MapViewController.swift */; };
		3556CEB2252BAABD00CF1A64 /* MapKit.framework in Frameworks */ = {isa = PBXBuildFile; fileRef = 3556CEB1252BAABD00CF1A64 /* MapKit.framework */; };
		35675318251B7F950020AB89 /* FeedViewController.swift in Sources */ = {isa = PBXBuildFile; fileRef = 35675317251B7F950020AB89 /* FeedViewController.swift */; };
		35677375254710C700BD697A /* SpinnerViewController.swift in Sources */ = {isa = PBXBuildFile; fileRef = 35677374254710C700BD697A /* SpinnerViewController.swift */; };
		3567737A2547117D00BD697A /* showLoadingSpinner.swift in Sources */ = {isa = PBXBuildFile; fileRef = 356773792547117D00BD697A /* showLoadingSpinner.swift */; };
		3568F28E2530AB7F00862FA9 /* SaveUserInfoService.swift in Sources */ = {isa = PBXBuildFile; fileRef = 3568F28D2530AB7F00862FA9 /* SaveUserInfoService.swift */; };
		3568F2932530B52500862FA9 /* ListUserInformationService.swift in Sources */ = {isa = PBXBuildFile; fileRef = 3568F2922530B52500862FA9 /* ListUserInformationService.swift */; };
		3569264B254377D200BAA7E8 /* RSKImageCropper in Frameworks */ = {isa = PBXBuildFile; productRef = 3569264A254377D200BAA7E8 /* RSKImageCropper */; };
		357E27EA2537165B006B1B41 /* UITableView+Extension.swift in Sources */ = {isa = PBXBuildFile; fileRef = 357E27E92537165B006B1B41 /* UITableView+Extension.swift */; };
		3587F0FA2531316600A918E9 /* ListInfoByIdService.swift in Sources */ = {isa = PBXBuildFile; fileRef = 3587F0F92531316600A918E9 /* ListInfoByIdService.swift */; };
		358F4D8F251B844B0018BE34 /* SearchViewController.swift in Sources */ = {isa = PBXBuildFile; fileRef = 358F4D8E251B844B0018BE34 /* SearchViewController.swift */; };
		35B9E3F925321E6D008A9D5C /* UIImage+Extension.swift in Sources */ = {isa = PBXBuildFile; fileRef = 35B9E3F825321E6D008A9D5C /* UIImage+Extension.swift */; };
		35BB2B98251A3E3C0028AF3E /* AppDelegate.swift in Sources */ = {isa = PBXBuildFile; fileRef = 35BB2B97251A3E3C0028AF3E /* AppDelegate.swift */; };
		35BB2B9A251A3E3C0028AF3E /* SceneDelegate.swift in Sources */ = {isa = PBXBuildFile; fileRef = 35BB2B99251A3E3C0028AF3E /* SceneDelegate.swift */; };
		35BB2B9C251A3E3C0028AF3E /* ViewController.swift in Sources */ = {isa = PBXBuildFile; fileRef = 35BB2B9B251A3E3C0028AF3E /* ViewController.swift */; };
		35BB2B9F251A3E3C0028AF3E /* Main.storyboard in Resources */ = {isa = PBXBuildFile; fileRef = 35BB2B9D251A3E3C0028AF3E /* Main.storyboard */; };
		35BB2BA2251A3E3C0028AF3E /* entrepreneurship_great_app.xcdatamodeld in Sources */ = {isa = PBXBuildFile; fileRef = 35BB2BA0251A3E3C0028AF3E /* entrepreneurship_great_app.xcdatamodeld */; };
		35BB2BA4251A3E3C0028AF3E /* Assets.xcassets in Resources */ = {isa = PBXBuildFile; fileRef = 35BB2BA3251A3E3C0028AF3E /* Assets.xcassets */; };
		35BB2BA7251A3E3C0028AF3E /* LaunchScreen.storyboard in Resources */ = {isa = PBXBuildFile; fileRef = 35BB2BA5251A3E3C0028AF3E /* LaunchScreen.storyboard */; };
		35BB2BB2251A3E3D0028AF3E /* entrepreneurship_great_appTests.swift in Sources */ = {isa = PBXBuildFile; fileRef = 35BB2BB1251A3E3D0028AF3E /* entrepreneurship_great_appTests.swift */; };
		35BB2BBD251A3E3D0028AF3E /* entrepreneurship_great_appUITests.swift in Sources */ = {isa = PBXBuildFile; fileRef = 35BB2BBC251A3E3D0028AF3E /* entrepreneurship_great_appUITests.swift */; };
		35BD989D252F3D43002A203E /* TabBarViewController.swift in Sources */ = {isa = PBXBuildFile; fileRef = 35BD989C252F3D43002A203E /* TabBarViewController.swift */; };
		35BD98A2252F404F002A203E /* PostsRepository.swift in Sources */ = {isa = PBXBuildFile; fileRef = 35BD98A1252F404F002A203E /* PostsRepository.swift */; };
		35BD98AF252F491E002A203E /* CreatePostService.swift in Sources */ = {isa = PBXBuildFile; fileRef = 35BD98AE252F491E002A203E /* CreatePostService.swift */; };
		35BD98B4252F5391002A203E /* ListPostsByUserService.swift in Sources */ = {isa = PBXBuildFile; fileRef = 35BD98B3252F5391002A203E /* ListPostsByUserService.swift */; };
		35BD98B9252F56E0002A203E /* ListAllPostsService.swift in Sources */ = {isa = PBXBuildFile; fileRef = 35BD98B8252F56E0002A203E /* ListAllPostsService.swift */; };
		35BD98BE252F5DCC002A203E /* userDefaultsStorage.swift in Sources */ = {isa = PBXBuildFile; fileRef = 35BD98BD252F5DCC002A203E /* userDefaultsStorage.swift */; };
		35CC6D8D252230E900DD9E73 /* CloudKit.framework in Frameworks */ = {isa = PBXBuildFile; fileRef = 35CC6D8C252230E900DD9E73 /* CloudKit.framework */; };
		35D5154A251D290300ACC8D2 /* UsersRepository.swift in Sources */ = {isa = PBXBuildFile; fileRef = 35D51549251D290300ACC8D2 /* UsersRepository.swift */; };
		35E028F1252E971100196D7C /* decryptGeoLocation.swift in Sources */ = {isa = PBXBuildFile; fileRef = 35E028F0252E971100196D7C /* decryptGeoLocation.swift */; };
		35E179AE253632D300B526CB /* DeleteRequestPartnershipService.swift in Sources */ = {isa = PBXBuildFile; fileRef = 35E179AD253632D300B526CB /* DeleteRequestPartnershipService.swift */; };
		35FF6F832532BD3C00963337 /* CustomUITextField.swift in Sources */ = {isa = PBXBuildFile; fileRef = 35FF6F822532BD3C00963337 /* CustomUITextField.swift */; };
		F17CF2442524D81300C3D81F /* Localizable.strings in Resources */ = {isa = PBXBuildFile; fileRef = F17CF2462524D81300C3D81F /* Localizable.strings */; };
		F17CF2552524DB6100C3D81F /* Translation.swift in Sources */ = {isa = PBXBuildFile; fileRef = F17CF2542524DB6100C3D81F /* Translation.swift */; };
		F1B5E516251A53E400140CB3 /* User.swift in Sources */ = {isa = PBXBuildFile; fileRef = F1B5E515251A53E400140CB3 /* User.swift */; };
		F1B5E51B251A7B2300140CB3 /* Enums.swift in Sources */ = {isa = PBXBuildFile; fileRef = F1B5E51A251A7B2300140CB3 /* Enums.swift */; };
/* End PBXBuildFile section */

/* Begin PBXContainerItemProxy section */
		35BB2BAE251A3E3D0028AF3E /* PBXContainerItemProxy */ = {
			isa = PBXContainerItemProxy;
			containerPortal = 35BB2B8C251A3E3B0028AF3E /* Project object */;
			proxyType = 1;
			remoteGlobalIDString = 35BB2B93251A3E3C0028AF3E;
			remoteInfo = "entrepreneurship-great-app";
		};
		35BB2BB9251A3E3D0028AF3E /* PBXContainerItemProxy */ = {
			isa = PBXContainerItemProxy;
			containerPortal = 35BB2B8C251A3E3B0028AF3E /* Project object */;
			proxyType = 1;
			remoteGlobalIDString = 35BB2B93251A3E3C0028AF3E;
			remoteInfo = "entrepreneurship-great-app";
		};
/* End PBXContainerItemProxy section */

/* Begin PBXFileReference section */
		120EBABE2530A333001FD302 /* MyCustomViewController.swift */ = {isa = PBXFileReference; lastKnownFileType = sourcecode.swift; path = MyCustomViewController.swift; sourceTree = "<group>"; };
		120EBAC32530A896001FD302 /* MyPostTableViewCell.swift */ = {isa = PBXFileReference; lastKnownFileType = sourcecode.swift; path = MyPostTableViewCell.swift; sourceTree = "<group>"; };
		120EBAC82530B3CD001FD302 /* MidiaKitViewController.swift */ = {isa = PBXFileReference; lastKnownFileType = sourcecode.swift; path = MidiaKitViewController.swift; sourceTree = "<group>"; };
		120EBACD2530B4A1001FD302 /* MoodBoardViewController.swift */ = {isa = PBXFileReference; lastKnownFileType = sourcecode.swift; path = MoodBoardViewController.swift; sourceTree = "<group>"; };
		1226A090251A406D00379581 /* entrepreneurship-great-app.entitlements */ = {isa = PBXFileReference; lastKnownFileType = text.plist.entitlements; path = "entrepreneurship-great-app.entitlements"; sourceTree = "<group>"; };
		1235C78A2541BC05000BA326 /* OnBoardingCollectionViewCell.swift */ = {isa = PBXFileReference; lastKnownFileType = sourcecode.swift; path = OnBoardingCollectionViewCell.swift; sourceTree = "<group>"; };
		1235C78F2541BC7D000BA326 /* OnBoardingViewController.swift */ = {isa = PBXFileReference; lastKnownFileType = sourcecode.swift; path = OnBoardingViewController.swift; sourceTree = "<group>"; };
		12609E432535CBF800684036 /* NotificationsViewController.swift */ = {isa = PBXFileReference; lastKnownFileType = sourcecode.swift; path = NotificationsViewController.swift; sourceTree = "<group>"; };
		12609E482535CFAD00684036 /* Notifications1TableViewCell.swift */ = {isa = PBXFileReference; lastKnownFileType = sourcecode.swift; path = Notifications1TableViewCell.swift; sourceTree = "<group>"; };
		126D5694251B8D2D00077FD3 /* SearchUserTableViewCell.swift */ = {isa = PBXFileReference; lastKnownFileType = sourcecode.swift; path = SearchUserTableViewCell.swift; sourceTree = "<group>"; };
		12828E00252F5C9B0079FE7C /* PostViewController.swift */ = {isa = PBXFileReference; lastKnownFileType = sourcecode.swift; path = PostViewController.swift; sourceTree = "<group>"; };
		128769832524C49100B04079 /* LoginViewController.swift */ = {isa = PBXFileReference; lastKnownFileType = sourcecode.swift; path = LoginViewController.swift; sourceTree = "<group>"; };
		12A176CB251CD0EE00495AD4 /* CustomSegmentedControl.swift */ = {isa = PBXFileReference; fileEncoding = 4; lastKnownFileType = sourcecode.swift; path = CustomSegmentedControl.swift; sourceTree = "<group>"; };
		12A176EA251CDF0000495AD4 /* PersonViewController.swift */ = {isa = PBXFileReference; lastKnownFileType = sourcecode.swift; path = PersonViewController.swift; sourceTree = "<group>"; };
		12BB29DE25275817006408FF /* PhysicalSegmentedViewController.swift */ = {isa = PBXFileReference; lastKnownFileType = sourcecode.swift; path = PhysicalSegmentedViewController.swift; sourceTree = "<group>"; };
		12BB29E325275850006408FF /* BothSegmentedViewController.swift */ = {isa = PBXFileReference; lastKnownFileType = sourcecode.swift; path = BothSegmentedViewController.swift; sourceTree = "<group>"; };
		12D2CA1C2525F666001FCFCC /* RegisterViewController.swift */ = {isa = PBXFileReference; lastKnownFileType = sourcecode.swift; path = RegisterViewController.swift; sourceTree = "<group>"; };
		12D2CA2125262FDD001FCFCC /* DigitalSegmentedViewController.swift */ = {isa = PBXFileReference; lastKnownFileType = sourcecode.swift; path = DigitalSegmentedViewController.swift; sourceTree = "<group>"; };
		12FC39CF253528B40057507C /* ProfileViewController.swift */ = {isa = PBXFileReference; lastKnownFileType = sourcecode.swift; path = ProfileViewController.swift; sourceTree = "<group>"; };
		12FC39D42535317E0057507C /* MyProfileViewController.swift */ = {isa = PBXFileReference; lastKnownFileType = sourcecode.swift; path = MyProfileViewController.swift; sourceTree = "<group>"; };
		12FC39D9253532650057507C /* MidiaKitProfileViewController.swift */ = {isa = PBXFileReference; lastKnownFileType = sourcecode.swift; path = MidiaKitProfileViewController.swift; sourceTree = "<group>"; };
		12FC39DE253533740057507C /* MoodBoardProfileViewController.swift */ = {isa = PBXFileReference; lastKnownFileType = sourcecode.swift; path = MoodBoardProfileViewController.swift; sourceTree = "<group>"; };
		12FC39E3253544EC0057507C /* MyProfileTableViewCell.swift */ = {isa = PBXFileReference; lastKnownFileType = sourcecode.swift; path = MyProfileTableViewCell.swift; sourceTree = "<group>"; };
		351562E42535CE6900919329 /* showAlert.swift */ = {isa = PBXFileReference; lastKnownFileType = sourcecode.swift; path = showAlert.swift; sourceTree = "<group>"; };
		351562EF2535E36E00919329 /* ListAllAskPartnershipService.swift */ = {isa = PBXFileReference; lastKnownFileType = sourcecode.swift; path = ListAllAskPartnershipService.swift; sourceTree = "<group>"; };
		35176980252E169F00E6B214 /* UserInfo.swift */ = {isa = PBXFileReference; lastKnownFileType = sourcecode.swift; path = UserInfo.swift; sourceTree = "<group>"; };
		35176992252E30F800E6B214 /* ListAllUsersByCharactersService.swift */ = {isa = PBXFileReference; lastKnownFileType = sourcecode.swift; path = ListAllUsersByCharactersService.swift; sourceTree = "<group>"; };
		35176997252E310B00E6B214 /* ListAllUsersService.swift */ = {isa = PBXFileReference; lastKnownFileType = sourcecode.swift; path = ListAllUsersService.swift; sourceTree = "<group>"; };
		3518010C251CF392001B7B38 /* Post.swift */ = {isa = PBXFileReference; lastKnownFileType = sourcecode.swift; path = Post.swift; sourceTree = "<group>"; };
		351826FE25257DE700AC4D48 /* SignUpUserService.swift */ = {isa = PBXFileReference; lastKnownFileType = sourcecode.swift; path = SignUpUserService.swift; sourceTree = "<group>"; };
		353BC5E52530EB2B0087FE7D /* UpdateUserInformationsService.swift */ = {isa = PBXFileReference; lastKnownFileType = sourcecode.swift; path = UpdateUserInformationsService.swift; sourceTree = "<group>"; };
		3545AC272533A3AB00F84990 /* AskedPartnership.swift */ = {isa = PBXFileReference; lastKnownFileType = sourcecode.swift; path = AskedPartnership.swift; sourceTree = "<group>"; };
		3545AC2C2533A47800F84990 /* AskedPartnershipsRepository.swift */ = {isa = PBXFileReference; lastKnownFileType = sourcecode.swift; path = AskedPartnershipsRepository.swift; sourceTree = "<group>"; };
		3545AC312533A6B100F84990 /* CreateAskPartnershipService.swift */ = {isa = PBXFileReference; lastKnownFileType = sourcecode.swift; path = CreateAskPartnershipService.swift; sourceTree = "<group>"; };
		3545AC362533BCAE00F84990 /* ListOneAskPartnershipService.swift */ = {isa = PBXFileReference; lastKnownFileType = sourcecode.swift; path = ListOneAskPartnershipService.swift; sourceTree = "<group>"; };
		355674D925260C6500BFD4A7 /* SignInUserService.swift */ = {isa = PBXFileReference; lastKnownFileType = sourcecode.swift; path = SignInUserService.swift; sourceTree = "<group>"; };
		3556CEAC252BA33100CF1A64 /* MapViewController.swift */ = {isa = PBXFileReference; lastKnownFileType = sourcecode.swift; path = MapViewController.swift; sourceTree = "<group>"; };
		3556CEB1252BAABD00CF1A64 /* MapKit.framework */ = {isa = PBXFileReference; lastKnownFileType = wrapper.framework; name = MapKit.framework; path = System/Library/Frameworks/MapKit.framework; sourceTree = SDKROOT; };
		35675317251B7F950020AB89 /* FeedViewController.swift */ = {isa = PBXFileReference; lastKnownFileType = sourcecode.swift; path = FeedViewController.swift; sourceTree = "<group>"; };
		35677374254710C700BD697A /* SpinnerViewController.swift */ = {isa = PBXFileReference; lastKnownFileType = sourcecode.swift; path = SpinnerViewController.swift; sourceTree = "<group>"; };
		356773792547117D00BD697A /* showLoadingSpinner.swift */ = {isa = PBXFileReference; lastKnownFileType = sourcecode.swift; path = showLoadingSpinner.swift; sourceTree = "<group>"; };
		3568F28D2530AB7F00862FA9 /* SaveUserInfoService.swift */ = {isa = PBXFileReference; lastKnownFileType = sourcecode.swift; path = SaveUserInfoService.swift; sourceTree = "<group>"; };
		3568F2922530B52500862FA9 /* ListUserInformationService.swift */ = {isa = PBXFileReference; lastKnownFileType = sourcecode.swift; path = ListUserInformationService.swift; sourceTree = "<group>"; };
		357E27E92537165B006B1B41 /* UITableView+Extension.swift */ = {isa = PBXFileReference; lastKnownFileType = sourcecode.swift; path = "UITableView+Extension.swift"; sourceTree = "<group>"; };
		3587F0F92531316600A918E9 /* ListInfoByIdService.swift */ = {isa = PBXFileReference; lastKnownFileType = sourcecode.swift; path = ListInfoByIdService.swift; sourceTree = "<group>"; };
		358F4D8E251B844B0018BE34 /* SearchViewController.swift */ = {isa = PBXFileReference; lastKnownFileType = sourcecode.swift; path = SearchViewController.swift; sourceTree = "<group>"; };
		35B9E3F825321E6D008A9D5C /* UIImage+Extension.swift */ = {isa = PBXFileReference; lastKnownFileType = sourcecode.swift; path = "UIImage+Extension.swift"; sourceTree = "<group>"; };
		35BB2B94251A3E3C0028AF3E /* Ciare.app */ = {isa = PBXFileReference; explicitFileType = wrapper.application; includeInIndex = 0; path = Ciare.app; sourceTree = BUILT_PRODUCTS_DIR; };
		35BB2B97251A3E3C0028AF3E /* AppDelegate.swift */ = {isa = PBXFileReference; lastKnownFileType = sourcecode.swift; path = AppDelegate.swift; sourceTree = "<group>"; };
		35BB2B99251A3E3C0028AF3E /* SceneDelegate.swift */ = {isa = PBXFileReference; lastKnownFileType = sourcecode.swift; path = SceneDelegate.swift; sourceTree = "<group>"; };
		35BB2B9B251A3E3C0028AF3E /* ViewController.swift */ = {isa = PBXFileReference; lastKnownFileType = sourcecode.swift; path = ViewController.swift; sourceTree = "<group>"; };
		35BB2B9E251A3E3C0028AF3E /* Base */ = {isa = PBXFileReference; lastKnownFileType = file.storyboard; name = Base; path = Base.lproj/Main.storyboard; sourceTree = "<group>"; };
		35BB2BA1251A3E3C0028AF3E /* entrepreneurship_great_app.xcdatamodel */ = {isa = PBXFileReference; lastKnownFileType = wrapper.xcdatamodel; path = entrepreneurship_great_app.xcdatamodel; sourceTree = "<group>"; };
		35BB2BA3251A3E3C0028AF3E /* Assets.xcassets */ = {isa = PBXFileReference; lastKnownFileType = folder.assetcatalog; path = Assets.xcassets; sourceTree = "<group>"; };
		35BB2BA6251A3E3C0028AF3E /* Base */ = {isa = PBXFileReference; lastKnownFileType = file.storyboard; name = Base; path = Base.lproj/LaunchScreen.storyboard; sourceTree = "<group>"; };
		35BB2BA8251A3E3C0028AF3E /* Info.plist */ = {isa = PBXFileReference; lastKnownFileType = text.plist.xml; path = Info.plist; sourceTree = "<group>"; };
		35BB2BAD251A3E3D0028AF3E /* entrepreneurship-great-appTests.xctest */ = {isa = PBXFileReference; explicitFileType = wrapper.cfbundle; includeInIndex = 0; path = "entrepreneurship-great-appTests.xctest"; sourceTree = BUILT_PRODUCTS_DIR; };
		35BB2BB1251A3E3D0028AF3E /* entrepreneurship_great_appTests.swift */ = {isa = PBXFileReference; lastKnownFileType = sourcecode.swift; path = entrepreneurship_great_appTests.swift; sourceTree = "<group>"; };
		35BB2BB3251A3E3D0028AF3E /* Info.plist */ = {isa = PBXFileReference; lastKnownFileType = text.plist.xml; path = Info.plist; sourceTree = "<group>"; };
		35BB2BB8251A3E3D0028AF3E /* entrepreneurship-great-appUITests.xctest */ = {isa = PBXFileReference; explicitFileType = wrapper.cfbundle; includeInIndex = 0; path = "entrepreneurship-great-appUITests.xctest"; sourceTree = BUILT_PRODUCTS_DIR; };
		35BB2BBC251A3E3D0028AF3E /* entrepreneurship_great_appUITests.swift */ = {isa = PBXFileReference; lastKnownFileType = sourcecode.swift; path = entrepreneurship_great_appUITests.swift; sourceTree = "<group>"; };
		35BB2BBE251A3E3D0028AF3E /* Info.plist */ = {isa = PBXFileReference; lastKnownFileType = text.plist.xml; path = Info.plist; sourceTree = "<group>"; };
		35BD989C252F3D43002A203E /* TabBarViewController.swift */ = {isa = PBXFileReference; lastKnownFileType = sourcecode.swift; path = TabBarViewController.swift; sourceTree = "<group>"; };
		35BD98A1252F404F002A203E /* PostsRepository.swift */ = {isa = PBXFileReference; lastKnownFileType = sourcecode.swift; path = PostsRepository.swift; sourceTree = "<group>"; };
		35BD98AE252F491E002A203E /* CreatePostService.swift */ = {isa = PBXFileReference; lastKnownFileType = sourcecode.swift; path = CreatePostService.swift; sourceTree = "<group>"; };
		35BD98B3252F5391002A203E /* ListPostsByUserService.swift */ = {isa = PBXFileReference; lastKnownFileType = sourcecode.swift; path = ListPostsByUserService.swift; sourceTree = "<group>"; };
		35BD98B8252F56E0002A203E /* ListAllPostsService.swift */ = {isa = PBXFileReference; lastKnownFileType = sourcecode.swift; path = ListAllPostsService.swift; sourceTree = "<group>"; };
		35BD98BD252F5DCC002A203E /* userDefaultsStorage.swift */ = {isa = PBXFileReference; lastKnownFileType = sourcecode.swift; path = userDefaultsStorage.swift; sourceTree = "<group>"; };
		35CC6D8C252230E900DD9E73 /* CloudKit.framework */ = {isa = PBXFileReference; lastKnownFileType = wrapper.framework; name = CloudKit.framework; path = System/Library/Frameworks/CloudKit.framework; sourceTree = SDKROOT; };
		35D51549251D290300ACC8D2 /* UsersRepository.swift */ = {isa = PBXFileReference; lastKnownFileType = sourcecode.swift; path = UsersRepository.swift; sourceTree = "<group>"; };
		35E028F0252E971100196D7C /* decryptGeoLocation.swift */ = {isa = PBXFileReference; lastKnownFileType = sourcecode.swift; path = decryptGeoLocation.swift; sourceTree = "<group>"; };
		35E179AD253632D300B526CB /* DeleteRequestPartnershipService.swift */ = {isa = PBXFileReference; lastKnownFileType = sourcecode.swift; path = DeleteRequestPartnershipService.swift; sourceTree = "<group>"; };
		35FF6F822532BD3C00963337 /* CustomUITextField.swift */ = {isa = PBXFileReference; lastKnownFileType = sourcecode.swift; path = CustomUITextField.swift; sourceTree = "<group>"; };
		F17CF2452524D81300C3D81F /* en */ = {isa = PBXFileReference; lastKnownFileType = text.plist.strings; name = en; path = en.lproj/Localizable.strings; sourceTree = "<group>"; };
		F17CF24A2524D82600C3D81F /* pt-BR */ = {isa = PBXFileReference; lastKnownFileType = text.plist.strings; name = "pt-BR"; path = "pt-BR.lproj/Localizable.strings"; sourceTree = "<group>"; };
		F17CF2532524DB2200C3D81F /* es-419 */ = {isa = PBXFileReference; lastKnownFileType = text.plist.strings; name = "es-419"; path = "es-419.lproj/Localizable.strings"; sourceTree = "<group>"; };
		F17CF2542524DB6100C3D81F /* Translation.swift */ = {isa = PBXFileReference; lastKnownFileType = sourcecode.swift; path = Translation.swift; sourceTree = "<group>"; };
		F1B5E515251A53E400140CB3 /* User.swift */ = {isa = PBXFileReference; lastKnownFileType = sourcecode.swift; name = User.swift; path = "entrepreneurship-great-app/User.swift"; sourceTree = SOURCE_ROOT; };
		F1B5E51A251A7B2300140CB3 /* Enums.swift */ = {isa = PBXFileReference; lastKnownFileType = sourcecode.swift; name = Enums.swift; path = "entrepreneurship-great-app/Enums.swift"; sourceTree = SOURCE_ROOT; };
/* End PBXFileReference section */

/* Begin PBXFrameworksBuildPhase section */
		35BB2B91251A3E3C0028AF3E /* Frameworks */ = {
			isa = PBXFrameworksBuildPhase;
			buildActionMask = 2147483647;
			files = (
				3556CEB2252BAABD00CF1A64 /* MapKit.framework in Frameworks */,
				35CC6D8D252230E900DD9E73 /* CloudKit.framework in Frameworks */,
				3569264B254377D200BAA7E8 /* RSKImageCropper in Frameworks */,
			);
			runOnlyForDeploymentPostprocessing = 0;
		};
		35BB2BAA251A3E3D0028AF3E /* Frameworks */ = {
			isa = PBXFrameworksBuildPhase;
			buildActionMask = 2147483647;
			files = (
			);
			runOnlyForDeploymentPostprocessing = 0;
		};
		35BB2BB5251A3E3D0028AF3E /* Frameworks */ = {
			isa = PBXFrameworksBuildPhase;
			buildActionMask = 2147483647;
			files = (
			);
			runOnlyForDeploymentPostprocessing = 0;
		};
/* End PBXFrameworksBuildPhase section */

/* Begin PBXGroup section */
		12A176D0251CD14F00495AD4 /* custom */ = {
			isa = PBXGroup;
			children = (
				35FF6F822532BD3C00963337 /* CustomUITextField.swift */,
				12A176CB251CD0EE00495AD4 /* CustomSegmentedControl.swift */,
				12D2CA2125262FDD001FCFCC /* DigitalSegmentedViewController.swift */,
				12BB29DE25275817006408FF /* PhysicalSegmentedViewController.swift */,
				12BB29E325275850006408FF /* BothSegmentedViewController.swift */,
				120EBABE2530A333001FD302 /* MyCustomViewController.swift */,
				120EBAC82530B3CD001FD302 /* MidiaKitViewController.swift */,
				120EBACD2530B4A1001FD302 /* MoodBoardViewController.swift */,
				12FC39D42535317E0057507C /* MyProfileViewController.swift */,
				12FC39D9253532650057507C /* MidiaKitProfileViewController.swift */,
				12FC39DE253533740057507C /* MoodBoardProfileViewController.swift */,
				1235C78A2541BC05000BA326 /* OnBoardingCollectionViewCell.swift */,
			);
			path = custom;
			sourceTree = "<group>";
		};
		3500ACAE251E252C007E89E7 /* services */ = {
			isa = PBXGroup;
			children = (
				351826FE25257DE700AC4D48 /* SignUpUserService.swift */,
				355674D925260C6500BFD4A7 /* SignInUserService.swift */,
				35176997252E310B00E6B214 /* ListAllUsersService.swift */,
				35176992252E30F800E6B214 /* ListAllUsersByCharactersService.swift */,
				35BD98AE252F491E002A203E /* CreatePostService.swift */,
				35BD98B3252F5391002A203E /* ListPostsByUserService.swift */,
				35BD98B8252F56E0002A203E /* ListAllPostsService.swift */,
				3568F28D2530AB7F00862FA9 /* SaveUserInfoService.swift */,
				3568F2922530B52500862FA9 /* ListUserInformationService.swift */,
				353BC5E52530EB2B0087FE7D /* UpdateUserInformationsService.swift */,
				3587F0F92531316600A918E9 /* ListInfoByIdService.swift */,
				3545AC312533A6B100F84990 /* CreateAskPartnershipService.swift */,
				3545AC362533BCAE00F84990 /* ListOneAskPartnershipService.swift */,
				351562EF2535E36E00919329 /* ListAllAskPartnershipService.swift */,
				35E179AD253632D300B526CB /* DeleteRequestPartnershipService.swift */,
			);
			path = services;
			sourceTree = "<group>";
		};
		35B9E3F725321E51008A9D5C /* extensions */ = {
			isa = PBXGroup;
			children = (
				35B9E3F825321E6D008A9D5C /* UIImage+Extension.swift */,
				357E27E92537165B006B1B41 /* UITableView+Extension.swift */,
			);
			path = extensions;
			sourceTree = "<group>";
		};
		35BB2B8B251A3E3B0028AF3E = {
			isa = PBXGroup;
			children = (
				35BB2B96251A3E3C0028AF3E /* entrepreneurship-great-app */,
				35BB2BB0251A3E3D0028AF3E /* entrepreneurship-great-appTests */,
				35BB2BBB251A3E3D0028AF3E /* entrepreneurship-great-appUITests */,
				35BB2B95251A3E3C0028AF3E /* Products */,
				35CC6D8B252230E900DD9E73 /* Frameworks */,
			);
			sourceTree = "<group>";
		};
		35BB2B95251A3E3C0028AF3E /* Products */ = {
			isa = PBXGroup;
			children = (
				35BB2B94251A3E3C0028AF3E /* Ciare.app */,
				35BB2BAD251A3E3D0028AF3E /* entrepreneurship-great-appTests.xctest */,
				35BB2BB8251A3E3D0028AF3E /* entrepreneurship-great-appUITests.xctest */,
			);
			name = Products;
			sourceTree = "<group>";
		};
		35BB2B96251A3E3C0028AF3E /* entrepreneurship-great-app */ = {
			isa = PBXGroup;
			children = (
				35B9E3F725321E51008A9D5C /* extensions */,
				F17CF23B2524D7EE00C3D81F /* localization */,
				35BB2BD0251A4BE70028AF3E /* models */,
				35BB2BD1251A4BF40028AF3E /* views */,
				35BB2BD2251A4BF90028AF3E /* controllers */,
				35D51548251D289900ACC8D2 /* repositories */,
				3500ACAE251E252C007E89E7 /* services */,
				35E028EF252E96F000196D7C /* utils */,
				1226A090251A406D00379581 /* entrepreneurship-great-app.entitlements */,
				35BB2BA8251A3E3C0028AF3E /* Info.plist */,
				35BB2BA0251A3E3C0028AF3E /* entrepreneurship_great_app.xcdatamodeld */,
			);
			path = "entrepreneurship-great-app";
			sourceTree = "<group>";
		};
		35BB2BB0251A3E3D0028AF3E /* entrepreneurship-great-appTests */ = {
			isa = PBXGroup;
			children = (
				35BB2BB1251A3E3D0028AF3E /* entrepreneurship_great_appTests.swift */,
				35BB2BB3251A3E3D0028AF3E /* Info.plist */,
			);
			path = "entrepreneurship-great-appTests";
			sourceTree = "<group>";
		};
		35BB2BBB251A3E3D0028AF3E /* entrepreneurship-great-appUITests */ = {
			isa = PBXGroup;
			children = (
				35BB2BBC251A3E3D0028AF3E /* entrepreneurship_great_appUITests.swift */,
				35BB2BBE251A3E3D0028AF3E /* Info.plist */,
			);
			path = "entrepreneurship-great-appUITests";
			sourceTree = "<group>";
		};
		35BB2BD0251A4BE70028AF3E /* models */ = {
			isa = PBXGroup;
			children = (
				F1B5E515251A53E400140CB3 /* User.swift */,
				F1B5E51A251A7B2300140CB3 /* Enums.swift */,
				3518010C251CF392001B7B38 /* Post.swift */,
				35176980252E169F00E6B214 /* UserInfo.swift */,
				3545AC272533A3AB00F84990 /* AskedPartnership.swift */,
			);
			path = models;
			sourceTree = "<group>";
		};
		35BB2BD1251A4BF40028AF3E /* views */ = {
			isa = PBXGroup;
			children = (
				12A176D0251CD14F00495AD4 /* custom */,
				35BB2BA3251A3E3C0028AF3E /* Assets.xcassets */,
				35BB2B9D251A3E3C0028AF3E /* Main.storyboard */,
				35BB2BA5251A3E3C0028AF3E /* LaunchScreen.storyboard */,
				126D5694251B8D2D00077FD3 /* SearchUserTableViewCell.swift */,
				120EBAC32530A896001FD302 /* MyPostTableViewCell.swift */,
				12FC39E3253544EC0057507C /* MyProfileTableViewCell.swift */,
				12609E482535CFAD00684036 /* Notifications1TableViewCell.swift */,
			);
			path = views;
			sourceTree = "<group>";
		};
		35BB2BD2251A4BF90028AF3E /* controllers */ = {
			isa = PBXGroup;
			children = (
				35BB2B97251A3E3C0028AF3E /* AppDelegate.swift */,
				35BB2B99251A3E3C0028AF3E /* SceneDelegate.swift */,
				35BB2B9B251A3E3C0028AF3E /* ViewController.swift */,
				35675317251B7F950020AB89 /* FeedViewController.swift */,
				358F4D8E251B844B0018BE34 /* SearchViewController.swift */,
				12A176EA251CDF0000495AD4 /* PersonViewController.swift */,
				128769832524C49100B04079 /* LoginViewController.swift */,
				12D2CA1C2525F666001FCFCC /* RegisterViewController.swift */,
				3556CEAC252BA33100CF1A64 /* MapViewController.swift */,
				35BD989C252F3D43002A203E /* TabBarViewController.swift */,
				12828E00252F5C9B0079FE7C /* PostViewController.swift */,
				12FC39CF253528B40057507C /* ProfileViewController.swift */,
				12609E432535CBF800684036 /* NotificationsViewController.swift */,
				1235C78F2541BC7D000BA326 /* OnBoardingViewController.swift */,
				35677374254710C700BD697A /* SpinnerViewController.swift */,
			);
			path = controllers;
			sourceTree = "<group>";
		};
		35CC6D8B252230E900DD9E73 /* Frameworks */ = {
			isa = PBXGroup;
			children = (
				3556CEB1252BAABD00CF1A64 /* MapKit.framework */,
				35CC6D8C252230E900DD9E73 /* CloudKit.framework */,
			);
			name = Frameworks;
			sourceTree = "<group>";
		};
		35D51548251D289900ACC8D2 /* repositories */ = {
			isa = PBXGroup;
			children = (
				35D51549251D290300ACC8D2 /* UsersRepository.swift */,
				35BD98A1252F404F002A203E /* PostsRepository.swift */,
				3545AC2C2533A47800F84990 /* AskedPartnershipsRepository.swift */,
			);
			path = repositories;
			sourceTree = "<group>";
		};
		35E028EF252E96F000196D7C /* utils */ = {
			isa = PBXGroup;
			children = (
				35E028F0252E971100196D7C /* decryptGeoLocation.swift */,
				35BD98BD252F5DCC002A203E /* userDefaultsStorage.swift */,
				351562E42535CE6900919329 /* showAlert.swift */,
				356773792547117D00BD697A /* showLoadingSpinner.swift */,
			);
			path = utils;
			sourceTree = "<group>";
		};
		F17CF23B2524D7EE00C3D81F /* localization */ = {
			isa = PBXGroup;
			children = (
				F17CF2462524D81300C3D81F /* Localizable.strings */,
				F17CF2542524DB6100C3D81F /* Translation.swift */,
			);
			path = localization;
			sourceTree = "<group>";
		};
/* End PBXGroup section */

/* Begin PBXNativeTarget section */
		35BB2B93251A3E3C0028AF3E /* entrepreneurship-great-app */ = {
			isa = PBXNativeTarget;
			buildConfigurationList = 35BB2BC1251A3E3D0028AF3E /* Build configuration list for PBXNativeTarget "entrepreneurship-great-app" */;
			buildPhases = (
				35BB2B90251A3E3C0028AF3E /* Sources */,
				35BB2B91251A3E3C0028AF3E /* Frameworks */,
				35BB2B92251A3E3C0028AF3E /* Resources */,
			);
			buildRules = (
			);
			dependencies = (
			);
			name = "entrepreneurship-great-app";
			packageProductDependencies = (
				3569264A254377D200BAA7E8 /* RSKImageCropper */,
			);
			productName = "entrepreneurship-great-app";
			productReference = 35BB2B94251A3E3C0028AF3E /* Ciare.app */;
			productType = "com.apple.product-type.application";
		};
		35BB2BAC251A3E3D0028AF3E /* entrepreneurship-great-appTests */ = {
			isa = PBXNativeTarget;
			buildConfigurationList = 35BB2BC4251A3E3D0028AF3E /* Build configuration list for PBXNativeTarget "entrepreneurship-great-appTests" */;
			buildPhases = (
				35BB2BA9251A3E3D0028AF3E /* Sources */,
				35BB2BAA251A3E3D0028AF3E /* Frameworks */,
				35BB2BAB251A3E3D0028AF3E /* Resources */,
			);
			buildRules = (
			);
			dependencies = (
				35BB2BAF251A3E3D0028AF3E /* PBXTargetDependency */,
			);
			name = "entrepreneurship-great-appTests";
			productName = "entrepreneurship-great-appTests";
			productReference = 35BB2BAD251A3E3D0028AF3E /* entrepreneurship-great-appTests.xctest */;
			productType = "com.apple.product-type.bundle.unit-test";
		};
		35BB2BB7251A3E3D0028AF3E /* entrepreneurship-great-appUITests */ = {
			isa = PBXNativeTarget;
			buildConfigurationList = 35BB2BC7251A3E3D0028AF3E /* Build configuration list for PBXNativeTarget "entrepreneurship-great-appUITests" */;
			buildPhases = (
				35BB2BB4251A3E3D0028AF3E /* Sources */,
				35BB2BB5251A3E3D0028AF3E /* Frameworks */,
				35BB2BB6251A3E3D0028AF3E /* Resources */,
			);
			buildRules = (
			);
			dependencies = (
				35BB2BBA251A3E3D0028AF3E /* PBXTargetDependency */,
			);
			name = "entrepreneurship-great-appUITests";
			productName = "entrepreneurship-great-appUITests";
			productReference = 35BB2BB8251A3E3D0028AF3E /* entrepreneurship-great-appUITests.xctest */;
			productType = "com.apple.product-type.bundle.ui-testing";
		};
/* End PBXNativeTarget section */

/* Begin PBXProject section */
		35BB2B8C251A3E3B0028AF3E /* Project object */ = {
			isa = PBXProject;
			attributes = {
				LastSwiftUpdateCheck = 1200;
				LastUpgradeCheck = 1200;
				TargetAttributes = {
					35BB2B93251A3E3C0028AF3E = {
						CreatedOnToolsVersion = 12.0;
					};
					35BB2BAC251A3E3D0028AF3E = {
						CreatedOnToolsVersion = 12.0;
						TestTargetID = 35BB2B93251A3E3C0028AF3E;
					};
					35BB2BB7251A3E3D0028AF3E = {
						CreatedOnToolsVersion = 12.0;
						TestTargetID = 35BB2B93251A3E3C0028AF3E;
					};
				};
			};
			buildConfigurationList = 35BB2B8F251A3E3C0028AF3E /* Build configuration list for PBXProject "entrepreneurship-great-app" */;
			compatibilityVersion = "Xcode 9.3";
			developmentRegion = en;
			hasScannedForEncodings = 0;
			knownRegions = (
				en,
				Base,
				"pt-BR",
				"es-419",
			);
			mainGroup = 35BB2B8B251A3E3B0028AF3E;
			packageReferences = (
				35692649254377D200BAA7E8 /* XCRemoteSwiftPackageReference "RSKImageCropper" */,
			);
			productRefGroup = 35BB2B95251A3E3C0028AF3E /* Products */;
			projectDirPath = "";
			projectRoot = "";
			targets = (
				35BB2B93251A3E3C0028AF3E /* entrepreneurship-great-app */,
				35BB2BAC251A3E3D0028AF3E /* entrepreneurship-great-appTests */,
				35BB2BB7251A3E3D0028AF3E /* entrepreneurship-great-appUITests */,
			);
		};
/* End PBXProject section */

/* Begin PBXResourcesBuildPhase section */
		35BB2B92251A3E3C0028AF3E /* Resources */ = {
			isa = PBXResourcesBuildPhase;
			buildActionMask = 2147483647;
			files = (
				35BB2BA7251A3E3C0028AF3E /* LaunchScreen.storyboard in Resources */,
				F17CF2442524D81300C3D81F /* Localizable.strings in Resources */,
				35BB2BA4251A3E3C0028AF3E /* Assets.xcassets in Resources */,
				35BB2B9F251A3E3C0028AF3E /* Main.storyboard in Resources */,
			);
			runOnlyForDeploymentPostprocessing = 0;
		};
		35BB2BAB251A3E3D0028AF3E /* Resources */ = {
			isa = PBXResourcesBuildPhase;
			buildActionMask = 2147483647;
			files = (
			);
			runOnlyForDeploymentPostprocessing = 0;
		};
		35BB2BB6251A3E3D0028AF3E /* Resources */ = {
			isa = PBXResourcesBuildPhase;
			buildActionMask = 2147483647;
			files = (
			);
			runOnlyForDeploymentPostprocessing = 0;
		};
/* End PBXResourcesBuildPhase section */

/* Begin PBXSourcesBuildPhase section */
		35BB2B90251A3E3C0028AF3E /* Sources */ = {
			isa = PBXSourcesBuildPhase;
			buildActionMask = 2147483647;
			files = (
				126D5695251B8D2D00077FD3 /* SearchUserTableViewCell.swift in Sources */,
				35176998252E310B00E6B214 /* ListAllUsersService.swift in Sources */,
				3568F2932530B52500862FA9 /* ListUserInformationService.swift in Sources */,
				35176993252E30F800E6B214 /* ListAllUsersByCharactersService.swift in Sources */,
				35FF6F832532BD3C00963337 /* CustomUITextField.swift in Sources */,
				120EBAC42530A896001FD302 /* MyPostTableViewCell.swift in Sources */,
				12FC39D0253528B40057507C /* ProfileViewController.swift in Sources */,
				35BB2BA2251A3E3C0028AF3E /* entrepreneurship_great_app.xcdatamodeld in Sources */,
				3568F28E2530AB7F00862FA9 /* SaveUserInfoService.swift in Sources */,
				35BD989D252F3D43002A203E /* TabBarViewController.swift in Sources */,
				35BB2B9C251A3E3C0028AF3E /* ViewController.swift in Sources */,
				3545AC2D2533A47800F84990 /* AskedPartnershipsRepository.swift in Sources */,
				12609E492535CFAD00684036 /* Notifications1TableViewCell.swift in Sources */,
				3545AC372533BCAE00F84990 /* ListOneAskPartnershipService.swift in Sources */,
				128769842524C49100B04079 /* LoginViewController.swift in Sources */,
				3545AC322533A6B100F84990 /* CreateAskPartnershipService.swift in Sources */,
				35176981252E169F00E6B214 /* UserInfo.swift in Sources */,
				3567737A2547117D00BD697A /* showLoadingSpinner.swift in Sources */,
				12FC39D52535317E0057507C /* MyProfileViewController.swift in Sources */,
				35677375254710C700BD697A /* SpinnerViewController.swift in Sources */,
				355674DA25260C6500BFD4A7 /* SignInUserService.swift in Sources */,
				357E27EA2537165B006B1B41 /* UITableView+Extension.swift in Sources */,
				3518010D251CF392001B7B38 /* Post.swift in Sources */,
				12BB29E425275850006408FF /* BothSegmentedViewController.swift in Sources */,
				351562E52535CE6900919329 /* showAlert.swift in Sources */,
				35E028F1252E971100196D7C /* decryptGeoLocation.swift in Sources */,
				35B9E3F925321E6D008A9D5C /* UIImage+Extension.swift in Sources */,
				35BD98BE252F5DCC002A203E /* userDefaultsStorage.swift in Sources */,
				12A176CC251CD0EE00495AD4 /* CustomSegmentedControl.swift in Sources */,
				120EBAC92530B3CD001FD302 /* MidiaKitViewController.swift in Sources */,
				35BD98AF252F491E002A203E /* CreatePostService.swift in Sources */,
				358F4D8F251B844B0018BE34 /* SearchViewController.swift in Sources */,
				3556CEAD252BA33100CF1A64 /* MapViewController.swift in Sources */,
				12FC39DA253532650057507C /* MidiaKitProfileViewController.swift in Sources */,
				35BD98A2252F404F002A203E /* PostsRepository.swift in Sources */,
				120EBACE2530B4A1001FD302 /* MoodBoardViewController.swift in Sources */,
				12BB29DF25275817006408FF /* PhysicalSegmentedViewController.swift in Sources */,
				351826FF25257DE700AC4D48 /* SignUpUserService.swift in Sources */,
				35BD98B9252F56E0002A203E /* ListAllPostsService.swift in Sources */,
				35E179AE253632D300B526CB /* DeleteRequestPartnershipService.swift in Sources */,
				3587F0FA2531316600A918E9 /* ListInfoByIdService.swift in Sources */,
				1235C7902541BC7D000BA326 /* OnBoardingViewController.swift in Sources */,
				3545AC282533A3AB00F84990 /* AskedPartnership.swift in Sources */,
				35BB2B98251A3E3C0028AF3E /* AppDelegate.swift in Sources */,
				1235C78B2541BC05000BA326 /* OnBoardingCollectionViewCell.swift in Sources */,
				12828E01252F5C9B0079FE7C /* PostViewController.swift in Sources */,
				12D2CA1D2525F666001FCFCC /* RegisterViewController.swift in Sources */,
				F1B5E516251A53E400140CB3 /* User.swift in Sources */,
				12609E442535CBF800684036 /* NotificationsViewController.swift in Sources */,
				120EBABF2530A333001FD302 /* MyCustomViewController.swift in Sources */,
				12FC39E4253544EC0057507C /* MyProfileTableViewCell.swift in Sources */,
				35D5154A251D290300ACC8D2 /* UsersRepository.swift in Sources */,
				35BD98B4252F5391002A203E /* ListPostsByUserService.swift in Sources */,
				F17CF2552524DB6100C3D81F /* Translation.swift in Sources */,
				12FC39DF253533740057507C /* MoodBoardProfileViewController.swift in Sources */,
				12A176EB251CDF0000495AD4 /* PersonViewController.swift in Sources */,
				351562F02535E36E00919329 /* ListAllAskPartnershipService.swift in Sources */,
				F1B5E51B251A7B2300140CB3 /* Enums.swift in Sources */,
				353BC5E62530EB2B0087FE7D /* UpdateUserInformationsService.swift in Sources */,
				35BB2B9A251A3E3C0028AF3E /* SceneDelegate.swift in Sources */,
				12D2CA2225262FDD001FCFCC /* DigitalSegmentedViewController.swift in Sources */,
				35675318251B7F950020AB89 /* FeedViewController.swift in Sources */,
			);
			runOnlyForDeploymentPostprocessing = 0;
		};
		35BB2BA9251A3E3D0028AF3E /* Sources */ = {
			isa = PBXSourcesBuildPhase;
			buildActionMask = 2147483647;
			files = (
				35BB2BB2251A3E3D0028AF3E /* entrepreneurship_great_appTests.swift in Sources */,
			);
			runOnlyForDeploymentPostprocessing = 0;
		};
		35BB2BB4251A3E3D0028AF3E /* Sources */ = {
			isa = PBXSourcesBuildPhase;
			buildActionMask = 2147483647;
			files = (
				35BB2BBD251A3E3D0028AF3E /* entrepreneurship_great_appUITests.swift in Sources */,
			);
			runOnlyForDeploymentPostprocessing = 0;
		};
/* End PBXSourcesBuildPhase section */

/* Begin PBXTargetDependency section */
		35BB2BAF251A3E3D0028AF3E /* PBXTargetDependency */ = {
			isa = PBXTargetDependency;
			target = 35BB2B93251A3E3C0028AF3E /* entrepreneurship-great-app */;
			targetProxy = 35BB2BAE251A3E3D0028AF3E /* PBXContainerItemProxy */;
		};
		35BB2BBA251A3E3D0028AF3E /* PBXTargetDependency */ = {
			isa = PBXTargetDependency;
			target = 35BB2B93251A3E3C0028AF3E /* entrepreneurship-great-app */;
			targetProxy = 35BB2BB9251A3E3D0028AF3E /* PBXContainerItemProxy */;
		};
/* End PBXTargetDependency section */

/* Begin PBXVariantGroup section */
		35BB2B9D251A3E3C0028AF3E /* Main.storyboard */ = {
			isa = PBXVariantGroup;
			children = (
				35BB2B9E251A3E3C0028AF3E /* Base */,
			);
			name = Main.storyboard;
			sourceTree = "<group>";
		};
		35BB2BA5251A3E3C0028AF3E /* LaunchScreen.storyboard */ = {
			isa = PBXVariantGroup;
			children = (
				35BB2BA6251A3E3C0028AF3E /* Base */,
			);
			name = LaunchScreen.storyboard;
			sourceTree = "<group>";
		};
		F17CF2462524D81300C3D81F /* Localizable.strings */ = {
			isa = PBXVariantGroup;
			children = (
				F17CF2452524D81300C3D81F /* en */,
				F17CF24A2524D82600C3D81F /* pt-BR */,
				F17CF2532524DB2200C3D81F /* es-419 */,
			);
			name = Localizable.strings;
			sourceTree = "<group>";
		};
/* End PBXVariantGroup section */

/* Begin XCBuildConfiguration section */
		35BB2BBF251A3E3D0028AF3E /* Debug */ = {
			isa = XCBuildConfiguration;
			buildSettings = {
				ALWAYS_SEARCH_USER_PATHS = NO;
				CLANG_ANALYZER_LOCALIZABILITY_NONLOCALIZED = YES;
				CLANG_ANALYZER_NONNULL = YES;
				CLANG_ANALYZER_NUMBER_OBJECT_CONVERSION = YES_AGGRESSIVE;
				CLANG_CXX_LANGUAGE_STANDARD = "gnu++14";
				CLANG_CXX_LIBRARY = "libc++";
				CLANG_ENABLE_MODULES = YES;
				CLANG_ENABLE_OBJC_ARC = YES;
				CLANG_ENABLE_OBJC_WEAK = YES;
				CLANG_WARN_BLOCK_CAPTURE_AUTORELEASING = YES;
				CLANG_WARN_BOOL_CONVERSION = YES;
				CLANG_WARN_COMMA = YES;
				CLANG_WARN_CONSTANT_CONVERSION = YES;
				CLANG_WARN_DEPRECATED_OBJC_IMPLEMENTATIONS = YES;
				CLANG_WARN_DIRECT_OBJC_ISA_USAGE = YES_ERROR;
				CLANG_WARN_DOCUMENTATION_COMMENTS = YES;
				CLANG_WARN_EMPTY_BODY = YES;
				CLANG_WARN_ENUM_CONVERSION = YES;
				CLANG_WARN_INFINITE_RECURSION = YES;
				CLANG_WARN_INT_CONVERSION = YES;
				CLANG_WARN_NON_LITERAL_NULL_CONVERSION = YES;
				CLANG_WARN_OBJC_IMPLICIT_RETAIN_SELF = YES;
				CLANG_WARN_OBJC_LITERAL_CONVERSION = YES;
				CLANG_WARN_OBJC_ROOT_CLASS = YES_ERROR;
				CLANG_WARN_QUOTED_INCLUDE_IN_FRAMEWORK_HEADER = YES;
				CLANG_WARN_RANGE_LOOP_ANALYSIS = YES;
				CLANG_WARN_STRICT_PROTOTYPES = YES;
				CLANG_WARN_SUSPICIOUS_MOVE = YES;
				CLANG_WARN_UNGUARDED_AVAILABILITY = YES_AGGRESSIVE;
				CLANG_WARN_UNREACHABLE_CODE = YES;
				CLANG_WARN__DUPLICATE_METHOD_MATCH = YES;
				COPY_PHASE_STRIP = NO;
				DEBUG_INFORMATION_FORMAT = dwarf;
				ENABLE_STRICT_OBJC_MSGSEND = YES;
				ENABLE_TESTABILITY = YES;
				GCC_C_LANGUAGE_STANDARD = gnu11;
				GCC_DYNAMIC_NO_PIC = NO;
				GCC_NO_COMMON_BLOCKS = YES;
				GCC_OPTIMIZATION_LEVEL = 0;
				GCC_PREPROCESSOR_DEFINITIONS = (
					"DEBUG=1",
					"$(inherited)",
				);
				GCC_WARN_64_TO_32_BIT_CONVERSION = YES;
				GCC_WARN_ABOUT_RETURN_TYPE = YES_ERROR;
				GCC_WARN_UNDECLARED_SELECTOR = YES;
				GCC_WARN_UNINITIALIZED_AUTOS = YES_AGGRESSIVE;
				GCC_WARN_UNUSED_FUNCTION = YES;
				GCC_WARN_UNUSED_VARIABLE = YES;
				IPHONEOS_DEPLOYMENT_TARGET = 12.0;
				MTL_ENABLE_DEBUG_INFO = INCLUDE_SOURCE;
				MTL_FAST_MATH = YES;
				ONLY_ACTIVE_ARCH = YES;
				SDKROOT = iphoneos;
				SWIFT_ACTIVE_COMPILATION_CONDITIONS = DEBUG;
				SWIFT_OPTIMIZATION_LEVEL = "-Onone";
			};
			name = Debug;
		};
		35BB2BC0251A3E3D0028AF3E /* Release */ = {
			isa = XCBuildConfiguration;
			buildSettings = {
				ALWAYS_SEARCH_USER_PATHS = NO;
				CLANG_ANALYZER_LOCALIZABILITY_NONLOCALIZED = YES;
				CLANG_ANALYZER_NONNULL = YES;
				CLANG_ANALYZER_NUMBER_OBJECT_CONVERSION = YES_AGGRESSIVE;
				CLANG_CXX_LANGUAGE_STANDARD = "gnu++14";
				CLANG_CXX_LIBRARY = "libc++";
				CLANG_ENABLE_MODULES = YES;
				CLANG_ENABLE_OBJC_ARC = YES;
				CLANG_ENABLE_OBJC_WEAK = YES;
				CLANG_WARN_BLOCK_CAPTURE_AUTORELEASING = YES;
				CLANG_WARN_BOOL_CONVERSION = YES;
				CLANG_WARN_COMMA = YES;
				CLANG_WARN_CONSTANT_CONVERSION = YES;
				CLANG_WARN_DEPRECATED_OBJC_IMPLEMENTATIONS = YES;
				CLANG_WARN_DIRECT_OBJC_ISA_USAGE = YES_ERROR;
				CLANG_WARN_DOCUMENTATION_COMMENTS = YES;
				CLANG_WARN_EMPTY_BODY = YES;
				CLANG_WARN_ENUM_CONVERSION = YES;
				CLANG_WARN_INFINITE_RECURSION = YES;
				CLANG_WARN_INT_CONVERSION = YES;
				CLANG_WARN_NON_LITERAL_NULL_CONVERSION = YES;
				CLANG_WARN_OBJC_IMPLICIT_RETAIN_SELF = YES;
				CLANG_WARN_OBJC_LITERAL_CONVERSION = YES;
				CLANG_WARN_OBJC_ROOT_CLASS = YES_ERROR;
				CLANG_WARN_QUOTED_INCLUDE_IN_FRAMEWORK_HEADER = YES;
				CLANG_WARN_RANGE_LOOP_ANALYSIS = YES;
				CLANG_WARN_STRICT_PROTOTYPES = YES;
				CLANG_WARN_SUSPICIOUS_MOVE = YES;
				CLANG_WARN_UNGUARDED_AVAILABILITY = YES_AGGRESSIVE;
				CLANG_WARN_UNREACHABLE_CODE = YES;
				CLANG_WARN__DUPLICATE_METHOD_MATCH = YES;
				COPY_PHASE_STRIP = NO;
				DEBUG_INFORMATION_FORMAT = "dwarf-with-dsym";
				ENABLE_NS_ASSERTIONS = NO;
				ENABLE_STRICT_OBJC_MSGSEND = YES;
				GCC_C_LANGUAGE_STANDARD = gnu11;
				GCC_NO_COMMON_BLOCKS = YES;
				GCC_WARN_64_TO_32_BIT_CONVERSION = YES;
				GCC_WARN_ABOUT_RETURN_TYPE = YES_ERROR;
				GCC_WARN_UNDECLARED_SELECTOR = YES;
				GCC_WARN_UNINITIALIZED_AUTOS = YES_AGGRESSIVE;
				GCC_WARN_UNUSED_FUNCTION = YES;
				GCC_WARN_UNUSED_VARIABLE = YES;
				IPHONEOS_DEPLOYMENT_TARGET = 12.0;
				MTL_ENABLE_DEBUG_INFO = NO;
				MTL_FAST_MATH = YES;
				SDKROOT = iphoneos;
				SWIFT_COMPILATION_MODE = wholemodule;
				SWIFT_OPTIMIZATION_LEVEL = "-O";
				VALIDATE_PRODUCT = YES;
			};
			name = Release;
		};
		35BB2BC2251A3E3D0028AF3E /* Debug */ = {
			isa = XCBuildConfiguration;
			buildSettings = {
				ASSETCATALOG_COMPILER_APPICON_NAME = AppIcon;
				ASSETCATALOG_COMPILER_GLOBAL_ACCENT_COLOR_NAME = AccentColor;
				CODE_SIGN_ENTITLEMENTS = "entrepreneurship-great-app/entrepreneurship-great-app.entitlements";
				CODE_SIGN_STYLE = Automatic;
				DEVELOPMENT_TEAM = SCF6DTLWM7;
				INFOPLIST_FILE = "entrepreneurship-great-app/Info.plist";
				IPHONEOS_DEPLOYMENT_TARGET = 13.6;
				LD_RUNPATH_SEARCH_PATHS = (
					"$(inherited)",
					"@executable_path/Frameworks",
				);
				MARKETING_VERSION = 1.1;
				PRODUCT_BUNDLE_IDENTIFIER = com.vianaleonardo.entrepreneurship;
				PRODUCT_NAME = Ciare;
				SWIFT_VERSION = 5.0;
				TARGETED_DEVICE_FAMILY = "1,2";
			};
			name = Debug;
		};
		35BB2BC3251A3E3D0028AF3E /* Release */ = {
			isa = XCBuildConfiguration;
			buildSettings = {
				ASSETCATALOG_COMPILER_APPICON_NAME = AppIcon;
				ASSETCATALOG_COMPILER_GLOBAL_ACCENT_COLOR_NAME = AccentColor;
				CODE_SIGN_ENTITLEMENTS = "entrepreneurship-great-app/entrepreneurship-great-app.entitlements";
				CODE_SIGN_STYLE = Automatic;
				DEVELOPMENT_TEAM = SCF6DTLWM7;
				INFOPLIST_FILE = "entrepreneurship-great-app/Info.plist";
				IPHONEOS_DEPLOYMENT_TARGET = 13.6;
				LD_RUNPATH_SEARCH_PATHS = (
					"$(inherited)",
					"@executable_path/Frameworks",
				);
				MARKETING_VERSION = 1.1;
				PRODUCT_BUNDLE_IDENTIFIER = com.vianaleonardo.entrepreneurship;
				PRODUCT_NAME = Ciare;
				SWIFT_VERSION = 5.0;
				TARGETED_DEVICE_FAMILY = "1,2";
			};
			name = Release;
		};
		35BB2BC5251A3E3D0028AF3E /* Debug */ = {
			isa = XCBuildConfiguration;
			buildSettings = {
				ALWAYS_EMBED_SWIFT_STANDARD_LIBRARIES = YES;
				BUNDLE_LOADER = "$(TEST_HOST)";
				CODE_SIGN_STYLE = Automatic;
				INFOPLIST_FILE = "entrepreneurship-great-appTests/Info.plist";
				IPHONEOS_DEPLOYMENT_TARGET = 14.0;
				LD_RUNPATH_SEARCH_PATHS = (
					"$(inherited)",
					"@executable_path/Frameworks",
					"@loader_path/Frameworks",
				);
				PRODUCT_BUNDLE_IDENTIFIER = "com.vianaleonardo.entrepreneurship-great-appTests";
				PRODUCT_NAME = "$(TARGET_NAME)";
				SWIFT_VERSION = 5.0;
				TARGETED_DEVICE_FAMILY = "1,2";
				TEST_HOST = "$(BUILT_PRODUCTS_DIR)/entrepreneurship-great-app.app/entrepreneurship-great-app";
			};
			name = Debug;
		};
		35BB2BC6251A3E3D0028AF3E /* Release */ = {
			isa = XCBuildConfiguration;
			buildSettings = {
				ALWAYS_EMBED_SWIFT_STANDARD_LIBRARIES = YES;
				BUNDLE_LOADER = "$(TEST_HOST)";
				CODE_SIGN_STYLE = Automatic;
				INFOPLIST_FILE = "entrepreneurship-great-appTests/Info.plist";
				IPHONEOS_DEPLOYMENT_TARGET = 14.0;
				LD_RUNPATH_SEARCH_PATHS = (
					"$(inherited)",
					"@executable_path/Frameworks",
					"@loader_path/Frameworks",
				);
				PRODUCT_BUNDLE_IDENTIFIER = "com.vianaleonardo.entrepreneurship-great-appTests";
				PRODUCT_NAME = "$(TARGET_NAME)";
				SWIFT_VERSION = 5.0;
				TARGETED_DEVICE_FAMILY = "1,2";
				TEST_HOST = "$(BUILT_PRODUCTS_DIR)/entrepreneurship-great-app.app/entrepreneurship-great-app";
			};
			name = Release;
		};
		35BB2BC8251A3E3D0028AF3E /* Debug */ = {
			isa = XCBuildConfiguration;
			buildSettings = {
				ALWAYS_EMBED_SWIFT_STANDARD_LIBRARIES = YES;
				CODE_SIGN_STYLE = Automatic;
				INFOPLIST_FILE = "entrepreneurship-great-appUITests/Info.plist";
				LD_RUNPATH_SEARCH_PATHS = (
					"$(inherited)",
					"@executable_path/Frameworks",
					"@loader_path/Frameworks",
				);
				PRODUCT_BUNDLE_IDENTIFIER = "com.vianaleonardo.entrepreneurship-great-appUITests";
				PRODUCT_NAME = "$(TARGET_NAME)";
				SWIFT_VERSION = 5.0;
				TARGETED_DEVICE_FAMILY = "1,2";
				TEST_TARGET_NAME = "entrepreneurship-great-app";
			};
			name = Debug;
		};
		35BB2BC9251A3E3D0028AF3E /* Release */ = {
			isa = XCBuildConfiguration;
			buildSettings = {
				ALWAYS_EMBED_SWIFT_STANDARD_LIBRARIES = YES;
				CODE_SIGN_STYLE = Automatic;
				INFOPLIST_FILE = "entrepreneurship-great-appUITests/Info.plist";
				LD_RUNPATH_SEARCH_PATHS = (
					"$(inherited)",
					"@executable_path/Frameworks",
					"@loader_path/Frameworks",
				);
				PRODUCT_BUNDLE_IDENTIFIER = "com.vianaleonardo.entrepreneurship-great-appUITests";
				PRODUCT_NAME = "$(TARGET_NAME)";
				SWIFT_VERSION = 5.0;
				TARGETED_DEVICE_FAMILY = "1,2";
				TEST_TARGET_NAME = "entrepreneurship-great-app";
			};
			name = Release;
		};
/* End XCBuildConfiguration section */

/* Begin XCConfigurationList section */
		35BB2B8F251A3E3C0028AF3E /* Build configuration list for PBXProject "entrepreneurship-great-app" */ = {
			isa = XCConfigurationList;
			buildConfigurations = (
				35BB2BBF251A3E3D0028AF3E /* Debug */,
				35BB2BC0251A3E3D0028AF3E /* Release */,
			);
			defaultConfigurationIsVisible = 0;
			defaultConfigurationName = Release;
		};
		35BB2BC1251A3E3D0028AF3E /* Build configuration list for PBXNativeTarget "entrepreneurship-great-app" */ = {
			isa = XCConfigurationList;
			buildConfigurations = (
				35BB2BC2251A3E3D0028AF3E /* Debug */,
				35BB2BC3251A3E3D0028AF3E /* Release */,
			);
			defaultConfigurationIsVisible = 0;
			defaultConfigurationName = Release;
		};
		35BB2BC4251A3E3D0028AF3E /* Build configuration list for PBXNativeTarget "entrepreneurship-great-appTests" */ = {
			isa = XCConfigurationList;
			buildConfigurations = (
				35BB2BC5251A3E3D0028AF3E /* Debug */,
				35BB2BC6251A3E3D0028AF3E /* Release */,
			);
			defaultConfigurationIsVisible = 0;
			defaultConfigurationName = Release;
		};
		35BB2BC7251A3E3D0028AF3E /* Build configuration list for PBXNativeTarget "entrepreneurship-great-appUITests" */ = {
			isa = XCConfigurationList;
			buildConfigurations = (
				35BB2BC8251A3E3D0028AF3E /* Debug */,
				35BB2BC9251A3E3D0028AF3E /* Release */,
			);
			defaultConfigurationIsVisible = 0;
			defaultConfigurationName = Release;
		};
/* End XCConfigurationList section */

/* Begin XCRemoteSwiftPackageReference section */
		35692649254377D200BAA7E8 /* XCRemoteSwiftPackageReference "RSKImageCropper" */ = {
			isa = XCRemoteSwiftPackageReference;
			repositoryURL = "https://github.com/ruslanskorb/RSKImageCropper.git";
			requirement = {
				kind = upToNextMajorVersion;
				minimumVersion = 3.0.0;
			};
		};
/* End XCRemoteSwiftPackageReference section */

/* Begin XCSwiftPackageProductDependency section */
		3569264A254377D200BAA7E8 /* RSKImageCropper */ = {
			isa = XCSwiftPackageProductDependency;
			package = 35692649254377D200BAA7E8 /* XCRemoteSwiftPackageReference "RSKImageCropper" */;
			productName = RSKImageCropper;
		};
/* End XCSwiftPackageProductDependency section */

/* Begin XCVersionGroup section */
		35BB2BA0251A3E3C0028AF3E /* entrepreneurship_great_app.xcdatamodeld */ = {
			isa = XCVersionGroup;
			children = (
				35BB2BA1251A3E3C0028AF3E /* entrepreneurship_great_app.xcdatamodel */,
			);
			currentVersion = 35BB2BA1251A3E3C0028AF3E /* entrepreneurship_great_app.xcdatamodel */;
			path = entrepreneurship_great_app.xcdatamodeld;
			sourceTree = "<group>";
			versionGroupType = wrapper.xcdatamodel;
		};
/* End XCVersionGroup section */
	};
	rootObject = 35BB2B8C251A3E3B0028AF3E /* Project object */;
}
